
Microsoft Visual Studio Solution File, Format Version 12.00
# Visual Studio Version 16
VisualStudioVersion = 16.0.28803.352
MinimumVisualStudioVersion = 10.0.40219.1
Project("{FAE04EC0-301F-11D3-BF4B-00C04F79EFBC}") = "MyProject1", "MyProject1\MyProject1.csproj", "{AE55B445-5BA0-49C7-A3FC-B3DEF3E0D1F3}"
EndProject
Project("{9A19103F-16F7-4668-BE54-9A1E7A4F7556}") = "LinqLearning", "LinqLearning\LinqLearning.csproj", "{77B6D55A-A77D-479C-9460-0B3C210B060A}"
EndProject
Project("{9A19103F-16F7-4668-BE54-9A1E7A4F7556}") = "TestReflection", "TestReflection\TestReflection.csproj", "{8C5E3AE3-704B-4604-9E56-FC48C9A316F3}"
EndProject
Project("{9A19103F-16F7-4668-BE54-9A1E7A4F7556}") = "Delegate_Event", "Publisher_Subscriber\Delegate_Event.csproj", "{D3EEDAD1-939F-415C-9253-1C267868708D}"
EndProject
Project("{9A19103F-16F7-4668-BE54-9A1E7A4F7556}") = "01-FactoryPattern", "01-FactoryPattern\01-FactoryPattern.csproj", "{B01006D7-9481-4A66-8982-F1DFAC05003E}"
EndProject
Project("{9A19103F-16F7-4668-BE54-9A1E7A4F7556}") = "02-AbstractFactoryPattern", "02-AbstractFactoryPattern\02-AbstractFactoryPattern.csproj", "{096BFCAF-D344-4C35-BAF0-51B178A8FB3B}"
EndProject
Project("{9A19103F-16F7-4668-BE54-9A1E7A4F7556}") = "04-BuilderPattern", "03-BuilderPattern\04-BuilderPattern.csproj", "{591EBAC1-C7F9-4E31-9B28-988860BCE4FD}"
EndProject
Project("{9A19103F-16F7-4668-BE54-9A1E7A4F7556}") = "03-Singleton", "03-Singleton\03-Singleton.csproj", "{653F583F-2171-4C7D-B03B-2AB27DBB64DE}"
EndProject
Project("{9A19103F-16F7-4668-BE54-9A1E7A4F7556}") = "05-Prototype", "05-Prototype\05-Prototype.csproj", "{43639A57-3AF6-4330-9514-4B564B92E18D}"
EndProject
Project("{8BC9CEB8-8B4A-11D0-8D11-00A0C91BC942}") = "05-Prototype-C++", "05-Prototype-C++\05-Prototype-C++.vcxproj", "{6D640A0D-BCE0-4500-8760-47BB870D365F}"
EndProject
Project("{9A19103F-16F7-4668-BE54-9A1E7A4F7556}") = "06-Adapter", "06-Adapter\06-Adapter.csproj", "{DC94B699-689F-46B9-A917-1573570615AD}"
EndProject
Project("{9A19103F-16F7-4668-BE54-9A1E7A4F7556}") = "07-Bridge", "07-Bridge\07-Bridge.csproj", "{B501255A-D4CA-463A-9A36-A2C249F167C6}"
EndProject
Project("{9A19103F-16F7-4668-BE54-9A1E7A4F7556}") = "08-Filter", "08-Filter\08-Filter.csproj", "{2923758E-1D75-4D93-954C-A74B37768E1D}"
EndProject
Project("{9A19103F-16F7-4668-BE54-9A1E7A4F7556}") = "09-Composite", "09-Composite\09-Composite.csproj", "{E9CD7555-8C43-4A8C-BB0F-0FB065862BE4}"
EndProject
Project("{9A19103F-16F7-4668-BE54-9A1E7A4F7556}") = "10-Decorator", "10-Decorator\10-Decorator.csproj", "{E5FDC558-A8B6-49C7-AD30-7734AD94A5A4}"
EndProject
Project("{9A19103F-16F7-4668-BE54-9A1E7A4F7556}") = "11-Facade", "11-Facade\11-Facade.csproj", "{EA64EC58-6257-4719-BFBB-233B1E32F1E7}"
EndProject
Project("{9A19103F-16F7-4668-BE54-9A1E7A4F7556}") = "12-flyweight", "12-flyweight\12-flyweight.csproj", "{98699612-A155-4E27-AF7A-7ADB85BB439A}"
EndProject
Project("{9A19103F-16F7-4668-BE54-9A1E7A4F7556}") = "13-Proxy", "13-Proxy\13-Proxy.csproj", "{AC0CB249-67FB-44E7-B73B-130BF939859F}"
EndProject
Project("{9A19103F-16F7-4668-BE54-9A1E7A4F7556}") = "14-ChainOfResponsibility", "14-ChainOfResponsibility\14-ChainOfResponsibility.csproj", "{343A8740-E844-4AA1-B154-4D1D2124DFDF}"
EndProject
Project("{FAE04EC0-301F-11D3-BF4B-00C04F79EFBC}") = "15-COMMAND", "15-COMMAND\15-COMMAND.csproj", "{AEAA04A3-F004-469A-85EB-419F3B232D4E}"
EndProject
Project("{FAE04EC0-301F-11D3-BF4B-00C04F79EFBC}") = "15-commandAnotherPattern", "15-commandAnotherPattern\15-commandAnotherPattern.csproj", "{AC4B1306-6E38-4C36-B313-90B1B0E3B83E}"
EndProject
Project("{FAE04EC0-301F-11D3-BF4B-00C04F79EFBC}") = "16-Interpreter", "16-Interpreter\16-Interpreter.csproj", "{891DBA52-94FE-41E9-9A0D-50368A6D1954}"
EndProject
Project("{FAE04EC0-301F-11D3-BF4B-00C04F79EFBC}") = "17-iterator", "17-iterator\17-iterator.csproj", "{F2E011D5-A06B-4FF5-A70A-D57A7272B6BF}"
EndProject
Global
	GlobalSection(SolutionConfigurationPlatforms) = preSolution
		Debug|Any CPU = Debug|Any CPU
		Debug|x64 = Debug|x64
		Debug|x86 = Debug|x86
		Release|Any CPU = Release|Any CPU
		Release|x64 = Release|x64
		Release|x86 = Release|x86
	EndGlobalSection
	GlobalSection(ProjectConfigurationPlatforms) = postSolution
		{AE55B445-5BA0-49C7-A3FC-B3DEF3E0D1F3}.Debug|Any CPU.ActiveCfg = Debug|Any CPU
		{AE55B445-5BA0-49C7-A3FC-B3DEF3E0D1F3}.Debug|Any CPU.Build.0 = Debug|Any CPU
		{AE55B445-5BA0-49C7-A3FC-B3DEF3E0D1F3}.Debug|x64.ActiveCfg = Debug|Any CPU
		{AE55B445-5BA0-49C7-A3FC-B3DEF3E0D1F3}.Debug|x64.Build.0 = Debug|Any CPU
		{AE55B445-5BA0-49C7-A3FC-B3DEF3E0D1F3}.Debug|x86.ActiveCfg = Debug|Any CPU
		{AE55B445-5BA0-49C7-A3FC-B3DEF3E0D1F3}.Debug|x86.Build.0 = Debug|Any CPU
		{AE55B445-5BA0-49C7-A3FC-B3DEF3E0D1F3}.Release|Any CPU.ActiveCfg = Release|Any CPU
		{AE55B445-5BA0-49C7-A3FC-B3DEF3E0D1F3}.Release|Any CPU.Build.0 = Release|Any CPU
		{AE55B445-5BA0-49C7-A3FC-B3DEF3E0D1F3}.Release|x64.ActiveCfg = Release|Any CPU
		{AE55B445-5BA0-49C7-A3FC-B3DEF3E0D1F3}.Release|x64.Build.0 = Release|Any CPU
		{AE55B445-5BA0-49C7-A3FC-B3DEF3E0D1F3}.Release|x86.ActiveCfg = Release|Any CPU
		{AE55B445-5BA0-49C7-A3FC-B3DEF3E0D1F3}.Release|x86.Build.0 = Release|Any CPU
		{77B6D55A-A77D-479C-9460-0B3C210B060A}.Debug|Any CPU.ActiveCfg = Debug|Any CPU
		{77B6D55A-A77D-479C-9460-0B3C210B060A}.Debug|Any CPU.Build.0 = Debug|Any CPU
		{77B6D55A-A77D-479C-9460-0B3C210B060A}.Debug|x64.ActiveCfg = Debug|Any CPU
		{77B6D55A-A77D-479C-9460-0B3C210B060A}.Debug|x64.Build.0 = Debug|Any CPU
		{77B6D55A-A77D-479C-9460-0B3C210B060A}.Debug|x86.ActiveCfg = Debug|Any CPU
		{77B6D55A-A77D-479C-9460-0B3C210B060A}.Debug|x86.Build.0 = Debug|Any CPU
		{77B6D55A-A77D-479C-9460-0B3C210B060A}.Release|Any CPU.ActiveCfg = Release|Any CPU
		{77B6D55A-A77D-479C-9460-0B3C210B060A}.Release|Any CPU.Build.0 = Release|Any CPU
		{77B6D55A-A77D-479C-9460-0B3C210B060A}.Release|x64.ActiveCfg = Release|Any CPU
		{77B6D55A-A77D-479C-9460-0B3C210B060A}.Release|x64.Build.0 = Release|Any CPU
		{77B6D55A-A77D-479C-9460-0B3C210B060A}.Release|x86.ActiveCfg = Release|Any CPU
		{77B6D55A-A77D-479C-9460-0B3C210B060A}.Release|x86.Build.0 = Release|Any CPU
		{8C5E3AE3-704B-4604-9E56-FC48C9A316F3}.Debug|Any CPU.ActiveCfg = Debug|Any CPU
		{8C5E3AE3-704B-4604-9E56-FC48C9A316F3}.Debug|Any CPU.Build.0 = Debug|Any CPU
		{8C5E3AE3-704B-4604-9E56-FC48C9A316F3}.Debug|x64.ActiveCfg = Debug|Any CPU
		{8C5E3AE3-704B-4604-9E56-FC48C9A316F3}.Debug|x64.Build.0 = Debug|Any CPU
		{8C5E3AE3-704B-4604-9E56-FC48C9A316F3}.Debug|x86.ActiveCfg = Debug|Any CPU
		{8C5E3AE3-704B-4604-9E56-FC48C9A316F3}.Debug|x86.Build.0 = Debug|Any CPU
		{8C5E3AE3-704B-4604-9E56-FC48C9A316F3}.Release|Any CPU.ActiveCfg = Release|Any CPU
		{8C5E3AE3-704B-4604-9E56-FC48C9A316F3}.Release|Any CPU.Build.0 = Release|Any CPU
		{8C5E3AE3-704B-4604-9E56-FC48C9A316F3}.Release|x64.ActiveCfg = Release|Any CPU
		{8C5E3AE3-704B-4604-9E56-FC48C9A316F3}.Release|x64.Build.0 = Release|Any CPU
		{8C5E3AE3-704B-4604-9E56-FC48C9A316F3}.Release|x86.ActiveCfg = Release|Any CPU
		{8C5E3AE3-704B-4604-9E56-FC48C9A316F3}.Release|x86.Build.0 = Release|Any CPU
		{D3EEDAD1-939F-415C-9253-1C267868708D}.Debug|Any CPU.ActiveCfg = Debug|Any CPU
		{D3EEDAD1-939F-415C-9253-1C267868708D}.Debug|Any CPU.Build.0 = Debug|Any CPU
		{D3EEDAD1-939F-415C-9253-1C267868708D}.Debug|x64.ActiveCfg = Debug|Any CPU
		{D3EEDAD1-939F-415C-9253-1C267868708D}.Debug|x64.Build.0 = Debug|Any CPU
		{D3EEDAD1-939F-415C-9253-1C267868708D}.Debug|x86.ActiveCfg = Debug|Any CPU
		{D3EEDAD1-939F-415C-9253-1C267868708D}.Debug|x86.Build.0 = Debug|Any CPU
		{D3EEDAD1-939F-415C-9253-1C267868708D}.Release|Any CPU.ActiveCfg = Release|Any CPU
		{D3EEDAD1-939F-415C-9253-1C267868708D}.Release|Any CPU.Build.0 = Release|Any CPU
		{D3EEDAD1-939F-415C-9253-1C267868708D}.Release|x64.ActiveCfg = Release|Any CPU
		{D3EEDAD1-939F-415C-9253-1C267868708D}.Release|x64.Build.0 = Release|Any CPU
		{D3EEDAD1-939F-415C-9253-1C267868708D}.Release|x86.ActiveCfg = Release|Any CPU
		{D3EEDAD1-939F-415C-9253-1C267868708D}.Release|x86.Build.0 = Release|Any CPU
		{B01006D7-9481-4A66-8982-F1DFAC05003E}.Debug|Any CPU.ActiveCfg = Debug|Any CPU
		{B01006D7-9481-4A66-8982-F1DFAC05003E}.Debug|Any CPU.Build.0 = Debug|Any CPU
		{B01006D7-9481-4A66-8982-F1DFAC05003E}.Debug|x64.ActiveCfg = Debug|Any CPU
		{B01006D7-9481-4A66-8982-F1DFAC05003E}.Debug|x64.Build.0 = Debug|Any CPU
		{B01006D7-9481-4A66-8982-F1DFAC05003E}.Debug|x86.ActiveCfg = Debug|Any CPU
		{B01006D7-9481-4A66-8982-F1DFAC05003E}.Debug|x86.Build.0 = Debug|Any CPU
		{B01006D7-9481-4A66-8982-F1DFAC05003E}.Release|Any CPU.ActiveCfg = Release|Any CPU
		{B01006D7-9481-4A66-8982-F1DFAC05003E}.Release|Any CPU.Build.0 = Release|Any CPU
		{B01006D7-9481-4A66-8982-F1DFAC05003E}.Release|x64.ActiveCfg = Release|Any CPU
		{B01006D7-9481-4A66-8982-F1DFAC05003E}.Release|x64.Build.0 = Release|Any CPU
		{B01006D7-9481-4A66-8982-F1DFAC05003E}.Release|x86.ActiveCfg = Release|Any CPU
		{B01006D7-9481-4A66-8982-F1DFAC05003E}.Release|x86.Build.0 = Release|Any CPU
		{096BFCAF-D344-4C35-BAF0-51B178A8FB3B}.Debug|Any CPU.ActiveCfg = Debug|Any CPU
		{096BFCAF-D344-4C35-BAF0-51B178A8FB3B}.Debug|Any CPU.Build.0 = Debug|Any CPU
		{096BFCAF-D344-4C35-BAF0-51B178A8FB3B}.Debug|x64.ActiveCfg = Debug|Any CPU
		{096BFCAF-D344-4C35-BAF0-51B178A8FB3B}.Debug|x64.Build.0 = Debug|Any CPU
		{096BFCAF-D344-4C35-BAF0-51B178A8FB3B}.Debug|x86.ActiveCfg = Debug|Any CPU
		{096BFCAF-D344-4C35-BAF0-51B178A8FB3B}.Debug|x86.Build.0 = Debug|Any CPU
		{096BFCAF-D344-4C35-BAF0-51B178A8FB3B}.Release|Any CPU.ActiveCfg = Release|Any CPU
		{096BFCAF-D344-4C35-BAF0-51B178A8FB3B}.Release|Any CPU.Build.0 = Release|Any CPU
		{096BFCAF-D344-4C35-BAF0-51B178A8FB3B}.Release|x64.ActiveCfg = Release|Any CPU
		{096BFCAF-D344-4C35-BAF0-51B178A8FB3B}.Release|x64.Build.0 = Release|Any CPU
		{096BFCAF-D344-4C35-BAF0-51B178A8FB3B}.Release|x86.ActiveCfg = Release|Any CPU
		{096BFCAF-D344-4C35-BAF0-51B178A8FB3B}.Release|x86.Build.0 = Release|Any CPU
		{591EBAC1-C7F9-4E31-9B28-988860BCE4FD}.Debug|Any CPU.ActiveCfg = Debug|Any CPU
		{591EBAC1-C7F9-4E31-9B28-988860BCE4FD}.Debug|Any CPU.Build.0 = Debug|Any CPU
		{591EBAC1-C7F9-4E31-9B28-988860BCE4FD}.Debug|x64.ActiveCfg = Debug|Any CPU
		{591EBAC1-C7F9-4E31-9B28-988860BCE4FD}.Debug|x64.Build.0 = Debug|Any CPU
		{591EBAC1-C7F9-4E31-9B28-988860BCE4FD}.Debug|x86.ActiveCfg = Debug|Any CPU
		{591EBAC1-C7F9-4E31-9B28-988860BCE4FD}.Debug|x86.Build.0 = Debug|Any CPU
		{591EBAC1-C7F9-4E31-9B28-988860BCE4FD}.Release|Any CPU.ActiveCfg = Release|Any CPU
		{591EBAC1-C7F9-4E31-9B28-988860BCE4FD}.Release|Any CPU.Build.0 = Release|Any CPU
		{591EBAC1-C7F9-4E31-9B28-988860BCE4FD}.Release|x64.ActiveCfg = Release|Any CPU
		{591EBAC1-C7F9-4E31-9B28-988860BCE4FD}.Release|x64.Build.0 = Release|Any CPU
		{591EBAC1-C7F9-4E31-9B28-988860BCE4FD}.Release|x86.ActiveCfg = Release|Any CPU
		{591EBAC1-C7F9-4E31-9B28-988860BCE4FD}.Release|x86.Build.0 = Release|Any CPU
		{653F583F-2171-4C7D-B03B-2AB27DBB64DE}.Debug|Any CPU.ActiveCfg = Debug|Any CPU
		{653F583F-2171-4C7D-B03B-2AB27DBB64DE}.Debug|Any CPU.Build.0 = Debug|Any CPU
		{653F583F-2171-4C7D-B03B-2AB27DBB64DE}.Debug|x64.ActiveCfg = Debug|Any CPU
		{653F583F-2171-4C7D-B03B-2AB27DBB64DE}.Debug|x64.Build.0 = Debug|Any CPU
		{653F583F-2171-4C7D-B03B-2AB27DBB64DE}.Debug|x86.ActiveCfg = Debug|Any CPU
		{653F583F-2171-4C7D-B03B-2AB27DBB64DE}.Debug|x86.Build.0 = Debug|Any CPU
		{653F583F-2171-4C7D-B03B-2AB27DBB64DE}.Release|Any CPU.ActiveCfg = Release|Any CPU
		{653F583F-2171-4C7D-B03B-2AB27DBB64DE}.Release|Any CPU.Build.0 = Release|Any CPU
		{653F583F-2171-4C7D-B03B-2AB27DBB64DE}.Release|x64.ActiveCfg = Release|Any CPU
		{653F583F-2171-4C7D-B03B-2AB27DBB64DE}.Release|x64.Build.0 = Release|Any CPU
		{653F583F-2171-4C7D-B03B-2AB27DBB64DE}.Release|x86.ActiveCfg = Release|Any CPU
		{653F583F-2171-4C7D-B03B-2AB27DBB64DE}.Release|x86.Build.0 = Release|Any CPU
		{43639A57-3AF6-4330-9514-4B564B92E18D}.Debug|Any CPU.ActiveCfg = Debug|Any CPU
		{43639A57-3AF6-4330-9514-4B564B92E18D}.Debug|Any CPU.Build.0 = Debug|Any CPU
		{43639A57-3AF6-4330-9514-4B564B92E18D}.Debug|x64.ActiveCfg = Debug|Any CPU
		{43639A57-3AF6-4330-9514-4B564B92E18D}.Debug|x64.Build.0 = Debug|Any CPU
		{43639A57-3AF6-4330-9514-4B564B92E18D}.Debug|x86.ActiveCfg = Debug|Any CPU
		{43639A57-3AF6-4330-9514-4B564B92E18D}.Debug|x86.Build.0 = Debug|Any CPU
		{43639A57-3AF6-4330-9514-4B564B92E18D}.Release|Any CPU.ActiveCfg = Release|Any CPU
		{43639A57-3AF6-4330-9514-4B564B92E18D}.Release|Any CPU.Build.0 = Release|Any CPU
		{43639A57-3AF6-4330-9514-4B564B92E18D}.Release|x64.ActiveCfg = Release|Any CPU
		{43639A57-3AF6-4330-9514-4B564B92E18D}.Release|x64.Build.0 = Release|Any CPU
		{43639A57-3AF6-4330-9514-4B564B92E18D}.Release|x86.ActiveCfg = Release|Any CPU
		{43639A57-3AF6-4330-9514-4B564B92E18D}.Release|x86.Build.0 = Release|Any CPU
		{6D640A0D-BCE0-4500-8760-47BB870D365F}.Debug|Any CPU.ActiveCfg = Debug|Win32
		{6D640A0D-BCE0-4500-8760-47BB870D365F}.Debug|x64.ActiveCfg = Debug|x64
		{6D640A0D-BCE0-4500-8760-47BB870D365F}.Debug|x64.Build.0 = Debug|x64
		{6D640A0D-BCE0-4500-8760-47BB870D365F}.Debug|x86.ActiveCfg = Debug|Win32
		{6D640A0D-BCE0-4500-8760-47BB870D365F}.Debug|x86.Build.0 = Debug|Win32
		{6D640A0D-BCE0-4500-8760-47BB870D365F}.Release|Any CPU.ActiveCfg = Release|Win32
		{6D640A0D-BCE0-4500-8760-47BB870D365F}.Release|x64.ActiveCfg = Release|x64
		{6D640A0D-BCE0-4500-8760-47BB870D365F}.Release|x64.Build.0 = Release|x64
		{6D640A0D-BCE0-4500-8760-47BB870D365F}.Release|x86.ActiveCfg = Release|Win32
		{6D640A0D-BCE0-4500-8760-47BB870D365F}.Release|x86.Build.0 = Release|Win32
		{DC94B699-689F-46B9-A917-1573570615AD}.Debug|Any CPU.ActiveCfg = Debug|Any CPU
		{DC94B699-689F-46B9-A917-1573570615AD}.Debug|Any CPU.Build.0 = Debug|Any CPU
		{DC94B699-689F-46B9-A917-1573570615AD}.Debug|x64.ActiveCfg = Debug|Any CPU
		{DC94B699-689F-46B9-A917-1573570615AD}.Debug|x64.Build.0 = Debug|Any CPU
		{DC94B699-689F-46B9-A917-1573570615AD}.Debug|x86.ActiveCfg = Debug|Any CPU
		{DC94B699-689F-46B9-A917-1573570615AD}.Debug|x86.Build.0 = Debug|Any CPU
		{DC94B699-689F-46B9-A917-1573570615AD}.Release|Any CPU.ActiveCfg = Release|Any CPU
		{DC94B699-689F-46B9-A917-1573570615AD}.Release|Any CPU.Build.0 = Release|Any CPU
		{DC94B699-689F-46B9-A917-1573570615AD}.Release|x64.ActiveCfg = Release|Any CPU
		{DC94B699-689F-46B9-A917-1573570615AD}.Release|x64.Build.0 = Release|Any CPU
		{DC94B699-689F-46B9-A917-1573570615AD}.Release|x86.ActiveCfg = Release|Any CPU
		{DC94B699-689F-46B9-A917-1573570615AD}.Release|x86.Build.0 = Release|Any CPU
		{B501255A-D4CA-463A-9A36-A2C249F167C6}.Debug|Any CPU.ActiveCfg = Debug|Any CPU
		{B501255A-D4CA-463A-9A36-A2C249F167C6}.Debug|Any CPU.Build.0 = Debug|Any CPU
		{B501255A-D4CA-463A-9A36-A2C249F167C6}.Debug|x64.ActiveCfg = Debug|Any CPU
		{B501255A-D4CA-463A-9A36-A2C249F167C6}.Debug|x64.Build.0 = Debug|Any CPU
		{B501255A-D4CA-463A-9A36-A2C249F167C6}.Debug|x86.ActiveCfg = Debug|Any CPU
		{B501255A-D4CA-463A-9A36-A2C249F167C6}.Debug|x86.Build.0 = Debug|Any CPU
		{B501255A-D4CA-463A-9A36-A2C249F167C6}.Release|Any CPU.ActiveCfg = Release|Any CPU
		{B501255A-D4CA-463A-9A36-A2C249F167C6}.Release|Any CPU.Build.0 = Release|Any CPU
		{B501255A-D4CA-463A-9A36-A2C249F167C6}.Release|x64.ActiveCfg = Release|Any CPU
		{B501255A-D4CA-463A-9A36-A2C249F167C6}.Release|x64.Build.0 = Release|Any CPU
		{B501255A-D4CA-463A-9A36-A2C249F167C6}.Release|x86.ActiveCfg = Release|Any CPU
		{B501255A-D4CA-463A-9A36-A2C249F167C6}.Release|x86.Build.0 = Release|Any CPU
		{2923758E-1D75-4D93-954C-A74B37768E1D}.Debug|Any CPU.ActiveCfg = Debug|Any CPU
		{2923758E-1D75-4D93-954C-A74B37768E1D}.Debug|Any CPU.Build.0 = Debug|Any CPU
		{2923758E-1D75-4D93-954C-A74B37768E1D}.Debug|x64.ActiveCfg = Debug|Any CPU
		{2923758E-1D75-4D93-954C-A74B37768E1D}.Debug|x64.Build.0 = Debug|Any CPU
		{2923758E-1D75-4D93-954C-A74B37768E1D}.Debug|x86.ActiveCfg = Debug|Any CPU
		{2923758E-1D75-4D93-954C-A74B37768E1D}.Debug|x86.Build.0 = Debug|Any CPU
		{2923758E-1D75-4D93-954C-A74B37768E1D}.Release|Any CPU.ActiveCfg = Release|Any CPU
		{2923758E-1D75-4D93-954C-A74B37768E1D}.Release|Any CPU.Build.0 = Release|Any CPU
		{2923758E-1D75-4D93-954C-A74B37768E1D}.Release|x64.ActiveCfg = Release|Any CPU
		{2923758E-1D75-4D93-954C-A74B37768E1D}.Release|x64.Build.0 = Release|Any CPU
		{2923758E-1D75-4D93-954C-A74B37768E1D}.Release|x86.ActiveCfg = Release|Any CPU
		{2923758E-1D75-4D93-954C-A74B37768E1D}.Release|x86.Build.0 = Release|Any CPU
		{E9CD7555-8C43-4A8C-BB0F-0FB065862BE4}.Debug|Any CPU.ActiveCfg = Debug|Any CPU
		{E9CD7555-8C43-4A8C-BB0F-0FB065862BE4}.Debug|Any CPU.Build.0 = Debug|Any CPU
		{E9CD7555-8C43-4A8C-BB0F-0FB065862BE4}.Debug|x64.ActiveCfg = Debug|Any CPU
		{E9CD7555-8C43-4A8C-BB0F-0FB065862BE4}.Debug|x64.Build.0 = Debug|Any CPU
		{E9CD7555-8C43-4A8C-BB0F-0FB065862BE4}.Debug|x86.ActiveCfg = Debug|Any CPU
		{E9CD7555-8C43-4A8C-BB0F-0FB065862BE4}.Debug|x86.Build.0 = Debug|Any CPU
		{E9CD7555-8C43-4A8C-BB0F-0FB065862BE4}.Release|Any CPU.ActiveCfg = Release|Any CPU
		{E9CD7555-8C43-4A8C-BB0F-0FB065862BE4}.Release|Any CPU.Build.0 = Release|Any CPU
		{E9CD7555-8C43-4A8C-BB0F-0FB065862BE4}.Release|x64.ActiveCfg = Release|Any CPU
		{E9CD7555-8C43-4A8C-BB0F-0FB065862BE4}.Release|x64.Build.0 = Release|Any CPU
		{E9CD7555-8C43-4A8C-BB0F-0FB065862BE4}.Release|x86.ActiveCfg = Release|Any CPU
		{E9CD7555-8C43-4A8C-BB0F-0FB065862BE4}.Release|x86.Build.0 = Release|Any CPU
		{E5FDC558-A8B6-49C7-AD30-7734AD94A5A4}.Debug|Any CPU.ActiveCfg = Debug|Any CPU
		{E5FDC558-A8B6-49C7-AD30-7734AD94A5A4}.Debug|Any CPU.Build.0 = Debug|Any CPU
		{E5FDC558-A8B6-49C7-AD30-7734AD94A5A4}.Debug|x64.ActiveCfg = Debug|Any CPU
		{E5FDC558-A8B6-49C7-AD30-7734AD94A5A4}.Debug|x64.Build.0 = Debug|Any CPU
		{E5FDC558-A8B6-49C7-AD30-7734AD94A5A4}.Debug|x86.ActiveCfg = Debug|Any CPU
		{E5FDC558-A8B6-49C7-AD30-7734AD94A5A4}.Debug|x86.Build.0 = Debug|Any CPU
		{E5FDC558-A8B6-49C7-AD30-7734AD94A5A4}.Release|Any CPU.ActiveCfg = Release|Any CPU
		{E5FDC558-A8B6-49C7-AD30-7734AD94A5A4}.Release|Any CPU.Build.0 = Release|Any CPU
		{E5FDC558-A8B6-49C7-AD30-7734AD94A5A4}.Release|x64.ActiveCfg = Release|Any CPU
		{E5FDC558-A8B6-49C7-AD30-7734AD94A5A4}.Release|x64.Build.0 = Release|Any CPU
		{E5FDC558-A8B6-49C7-AD30-7734AD94A5A4}.Release|x86.ActiveCfg = Release|Any CPU
		{E5FDC558-A8B6-49C7-AD30-7734AD94A5A4}.Release|x86.Build.0 = Release|Any CPU
		{EA64EC58-6257-4719-BFBB-233B1E32F1E7}.Debug|Any CPU.ActiveCfg = Debug|Any CPU
		{EA64EC58-6257-4719-BFBB-233B1E32F1E7}.Debug|Any CPU.Build.0 = Debug|Any CPU
		{EA64EC58-6257-4719-BFBB-233B1E32F1E7}.Debug|x64.ActiveCfg = Debug|Any CPU
		{EA64EC58-6257-4719-BFBB-233B1E32F1E7}.Debug|x64.Build.0 = Debug|Any CPU
		{EA64EC58-6257-4719-BFBB-233B1E32F1E7}.Debug|x86.ActiveCfg = Debug|Any CPU
		{EA64EC58-6257-4719-BFBB-233B1E32F1E7}.Debug|x86.Build.0 = Debug|Any CPU
		{EA64EC58-6257-4719-BFBB-233B1E32F1E7}.Release|Any CPU.ActiveCfg = Release|Any CPU
		{EA64EC58-6257-4719-BFBB-233B1E32F1E7}.Release|Any CPU.Build.0 = Release|Any CPU
		{EA64EC58-6257-4719-BFBB-233B1E32F1E7}.Release|x64.ActiveCfg = Release|Any CPU
		{EA64EC58-6257-4719-BFBB-233B1E32F1E7}.Release|x64.Build.0 = Release|Any CPU
		{EA64EC58-6257-4719-BFBB-233B1E32F1E7}.Release|x86.ActiveCfg = Release|Any CPU
		{EA64EC58-6257-4719-BFBB-233B1E32F1E7}.Release|x86.Build.0 = Release|Any CPU
		{98699612-A155-4E27-AF7A-7ADB85BB439A}.Debug|Any CPU.ActiveCfg = Debug|Any CPU
		{98699612-A155-4E27-AF7A-7ADB85BB439A}.Debug|Any CPU.Build.0 = Debug|Any CPU
		{98699612-A155-4E27-AF7A-7ADB85BB439A}.Debug|x64.ActiveCfg = Debug|Any CPU
		{98699612-A155-4E27-AF7A-7ADB85BB439A}.Debug|x64.Build.0 = Debug|Any CPU
		{98699612-A155-4E27-AF7A-7ADB85BB439A}.Debug|x86.ActiveCfg = Debug|Any CPU
		{98699612-A155-4E27-AF7A-7ADB85BB439A}.Debug|x86.Build.0 = Debug|Any CPU
		{98699612-A155-4E27-AF7A-7ADB85BB439A}.Release|Any CPU.ActiveCfg = Release|Any CPU
		{98699612-A155-4E27-AF7A-7ADB85BB439A}.Release|Any CPU.Build.0 = Release|Any CPU
		{98699612-A155-4E27-AF7A-7ADB85BB439A}.Release|x64.ActiveCfg = Release|Any CPU
		{98699612-A155-4E27-AF7A-7ADB85BB439A}.Release|x64.Build.0 = Release|Any CPU
		{98699612-A155-4E27-AF7A-7ADB85BB439A}.Release|x86.ActiveCfg = Release|Any CPU
		{98699612-A155-4E27-AF7A-7ADB85BB439A}.Release|x86.Build.0 = Release|Any CPU
		{AC0CB249-67FB-44E7-B73B-130BF939859F}.Debug|Any CPU.ActiveCfg = Debug|Any CPU
		{AC0CB249-67FB-44E7-B73B-130BF939859F}.Debug|Any CPU.Build.0 = Debug|Any CPU
		{AC0CB249-67FB-44E7-B73B-130BF939859F}.Debug|x64.ActiveCfg = Debug|Any CPU
		{AC0CB249-67FB-44E7-B73B-130BF939859F}.Debug|x64.Build.0 = Debug|Any CPU
		{AC0CB249-67FB-44E7-B73B-130BF939859F}.Debug|x86.ActiveCfg = Debug|Any CPU
		{AC0CB249-67FB-44E7-B73B-130BF939859F}.Debug|x86.Build.0 = Debug|Any CPU
		{AC0CB249-67FB-44E7-B73B-130BF939859F}.Release|Any CPU.ActiveCfg = Release|Any CPU
		{AC0CB249-67FB-44E7-B73B-130BF939859F}.Release|Any CPU.Build.0 = Release|Any CPU
		{AC0CB249-67FB-44E7-B73B-130BF939859F}.Release|x64.ActiveCfg = Release|Any CPU
		{AC0CB249-67FB-44E7-B73B-130BF939859F}.Release|x64.Build.0 = Release|Any CPU
		{AC0CB249-67FB-44E7-B73B-130BF939859F}.Release|x86.ActiveCfg = Release|Any CPU
		{AC0CB249-67FB-44E7-B73B-130BF939859F}.Release|x86.Build.0 = Release|Any CPU
		{343A8740-E844-4AA1-B154-4D1D2124DFDF}.Debug|Any CPU.ActiveCfg = Debug|Any CPU
		{343A8740-E844-4AA1-B154-4D1D2124DFDF}.Debug|Any CPU.Build.0 = Debug|Any CPU
		{343A8740-E844-4AA1-B154-4D1D2124DFDF}.Debug|x64.ActiveCfg = Debug|Any CPU
		{343A8740-E844-4AA1-B154-4D1D2124DFDF}.Debug|x64.Build.0 = Debug|Any CPU
		{343A8740-E844-4AA1-B154-4D1D2124DFDF}.Debug|x86.ActiveCfg = Debug|Any CPU
		{343A8740-E844-4AA1-B154-4D1D2124DFDF}.Debug|x86.Build.0 = Debug|Any CPU
		{343A8740-E844-4AA1-B154-4D1D2124DFDF}.Release|Any CPU.ActiveCfg = Release|Any CPU
		{343A8740-E844-4AA1-B154-4D1D2124DFDF}.Release|Any CPU.Build.0 = Release|Any CPU
		{343A8740-E844-4AA1-B154-4D1D2124DFDF}.Release|x64.ActiveCfg = Release|Any CPU
		{343A8740-E844-4AA1-B154-4D1D2124DFDF}.Release|x64.Build.0 = Release|Any CPU
		{343A8740-E844-4AA1-B154-4D1D2124DFDF}.Release|x86.ActiveCfg = Release|Any CPU
		{343A8740-E844-4AA1-B154-4D1D2124DFDF}.Release|x86.Build.0 = Release|Any CPU
		{AEAA04A3-F004-469A-85EB-419F3B232D4E}.Debug|Any CPU.ActiveCfg = Debug|Any CPU
		{AEAA04A3-F004-469A-85EB-419F3B232D4E}.Debug|Any CPU.Build.0 = Debug|Any CPU
		{AEAA04A3-F004-469A-85EB-419F3B232D4E}.Debug|x64.ActiveCfg = Debug|Any CPU
		{AEAA04A3-F004-469A-85EB-419F3B232D4E}.Debug|x64.Build.0 = Debug|Any CPU
		{AEAA04A3-F004-469A-85EB-419F3B232D4E}.Debug|x86.ActiveCfg = Debug|Any CPU
		{AEAA04A3-F004-469A-85EB-419F3B232D4E}.Debug|x86.Build.0 = Debug|Any CPU
		{AEAA04A3-F004-469A-85EB-419F3B232D4E}.Release|Any CPU.ActiveCfg = Release|Any CPU
		{AEAA04A3-F004-469A-85EB-419F3B232D4E}.Release|Any CPU.Build.0 = Release|Any CPU
		{AEAA04A3-F004-469A-85EB-419F3B232D4E}.Release|x64.ActiveCfg = Release|Any CPU
		{AEAA04A3-F004-469A-85EB-419F3B232D4E}.Release|x64.Build.0 = Release|Any CPU
		{AEAA04A3-F004-469A-85EB-419F3B232D4E}.Release|x86.ActiveCfg = Release|Any CPU
		{AEAA04A3-F004-469A-85EB-419F3B232D4E}.Release|x86.Build.0 = Release|Any CPU
		{AC4B1306-6E38-4C36-B313-90B1B0E3B83E}.Debug|Any CPU.ActiveCfg = Debug|Any CPU
		{AC4B1306-6E38-4C36-B313-90B1B0E3B83E}.Debug|Any CPU.Build.0 = Debug|Any CPU
		{AC4B1306-6E38-4C36-B313-90B1B0E3B83E}.Debug|x64.ActiveCfg = Debug|Any CPU
		{AC4B1306-6E38-4C36-B313-90B1B0E3B83E}.Debug|x64.Build.0 = Debug|Any CPU
		{AC4B1306-6E38-4C36-B313-90B1B0E3B83E}.Debug|x86.ActiveCfg = Debug|Any CPU
		{AC4B1306-6E38-4C36-B313-90B1B0E3B83E}.Debug|x86.Build.0 = Debug|Any CPU
		{AC4B1306-6E38-4C36-B313-90B1B0E3B83E}.Release|Any CPU.ActiveCfg = Release|Any CPU
		{AC4B1306-6E38-4C36-B313-90B1B0E3B83E}.Release|Any CPU.Build.0 = Release|Any CPU
		{AC4B1306-6E38-4C36-B313-90B1B0E3B83E}.Release|x64.ActiveCfg = Release|Any CPU
		{AC4B1306-6E38-4C36-B313-90B1B0E3B83E}.Release|x64.Build.0 = Release|Any CPU
		{AC4B1306-6E38-4C36-B313-90B1B0E3B83E}.Release|x86.ActiveCfg = Release|Any CPU
		{AC4B1306-6E38-4C36-B313-90B1B0E3B83E}.Release|x86.Build.0 = Release|Any CPU
		{891DBA52-94FE-41E9-9A0D-50368A6D1954}.Debug|Any CPU.ActiveCfg = Debug|Any CPU
		{891DBA52-94FE-41E9-9A0D-50368A6D1954}.Debug|Any CPU.Build.0 = Debug|Any CPU
		{891DBA52-94FE-41E9-9A0D-50368A6D1954}.Debug|x64.ActiveCfg = Debug|Any CPU
		{891DBA52-94FE-41E9-9A0D-50368A6D1954}.Debug|x64.Build.0 = Debug|Any CPU
		{891DBA52-94FE-41E9-9A0D-50368A6D1954}.Debug|x86.ActiveCfg = Debug|Any CPU
		{891DBA52-94FE-41E9-9A0D-50368A6D1954}.Debug|x86.Build.0 = Debug|Any CPU
		{891DBA52-94FE-41E9-9A0D-50368A6D1954}.Release|Any CPU.ActiveCfg = Release|Any CPU
		{891DBA52-94FE-41E9-9A0D-50368A6D1954}.Release|Any CPU.Build.0 = Release|Any CPU
		{891DBA52-94FE-41E9-9A0D-50368A6D1954}.Release|x64.ActiveCfg = Release|Any CPU
		{891DBA52-94FE-41E9-9A0D-50368A6D1954}.Release|x64.Build.0 = Release|Any CPU
		{891DBA52-94FE-41E9-9A0D-50368A6D1954}.Release|x86.ActiveCfg = Release|Any CPU
		{891DBA52-94FE-41E9-9A0D-50368A6D1954}.Release|x86.Build.0 = Release|Any CPU
		{F2E011D5-A06B-4FF5-A70A-D57A7272B6BF}.Debug|Any CPU.ActiveCfg = Debug|Any CPU
		{F2E011D5-A06B-4FF5-A70A-D57A7272B6BF}.Debug|Any CPU.Build.0 = Debug|Any CPU
		{F2E011D5-A06B-4FF5-A70A-D57A7272B6BF}.Debug|x64.ActiveCfg = Debug|Any CPU
		{F2E011D5-A06B-4FF5-A70A-D57A7272B6BF}.Debug|x64.Build.0 = Debug|Any CPU
		{F2E011D5-A06B-4FF5-A70A-D57A7272B6BF}.Debug|x86.ActiveCfg = Debug|Any CPU
		{F2E011D5-A06B-4FF5-A70A-D57A7272B6BF}.Debug|x86.Build.0 = Debug|Any CPU
		{F2E011D5-A06B-4FF5-A70A-D57A7272B6BF}.Release|Any CPU.ActiveCfg = Release|Any CPU
		{F2E011D5-A06B-4FF5-A70A-D57A7272B6BF}.Release|Any CPU.Build.0 = Release|Any CPU
		{F2E011D5-A06B-4FF5-A70A-D57A7272B6BF}.Release|x64.ActiveCfg = Release|Any CPU
		{F2E011D5-A06B-4FF5-A70A-D57A7272B6BF}.Release|x64.Build.0 = Release|Any CPU
		{F2E011D5-A06B-4FF5-A70A-D57A7272B6BF}.Release|x86.ActiveCfg = Release|Any CPU
		{F2E011D5-A06B-4FF5-A70A-D57A7272B6BF}.Release|x86.Build.0 = Release|Any CPU
	EndGlobalSection
	GlobalSection(SolutionProperties) = preSolution
		HideSolutionNode = FALSE
	EndGlobalSection
	GlobalSection(ExtensibilityGlobals) = postSolution
		SolutionGuid = {CEA4A798-8D2A-4A99-985F-E9F5BECA53D0}
	EndGlobalSection
EndGlobal
