
Microsoft Visual Studio Solution File, Format Version 12.00
# Visual Studio Version 16
VisualStudioVersion = 16.0.28803.352
MinimumVisualStudioVersion = 10.0.40219.1
Project("{FAE04EC0-301F-11D3-BF4B-00C04F79EFBC}") = "MyProject1", "MyProject1\MyProject1.csproj", "{AE55B445-5BA0-49C7-A3FC-B3DEF3E0D1F3}"
EndProject
Project("{9A19103F-16F7-4668-BE54-9A1E7A4F7556}") = "LinqLearning", "LinqLearning\LinqLearning.csproj", "{77B6D55A-A77D-479C-9460-0B3C210B060A}"
EndProject
Project("{9A19103F-16F7-4668-BE54-9A1E7A4F7556}") = "TestReflection", "TestReflection\TestReflection.csproj", "{8C5E3AE3-704B-4604-9E56-FC48C9A316F3}"
EndProject
Project("{9A19103F-16F7-4668-BE54-9A1E7A4F7556}") = "Delegate_Event", "Publisher_Subscriber\Delegate_Event.csproj", "{D3EEDAD1-939F-415C-9253-1C267868708D}"
EndProject
Project("{9A19103F-16F7-4668-BE54-9A1E7A4F7556}") = "01-FactoryPattern", "01-FactoryPattern\01-FactoryPattern.csproj", "{B01006D7-9481-4A66-8982-F1DFAC05003E}"
EndProject
Project("{9A19103F-16F7-4668-BE54-9A1E7A4F7556}") = "02-AbstractFactoryPattern", "02-AbstractFactoryPattern\02-AbstractFactoryPattern.csproj", "{096BFCAF-D344-4C35-BAF0-51B178A8FB3B}"
EndProject
Project("{9A19103F-16F7-4668-BE54-9A1E7A4F7556}") = "04-BuilderPattern", "03-BuilderPattern\04-BuilderPattern.csproj", "{591EBAC1-C7F9-4E31-9B28-988860BCE4FD}"
EndProject
Project("{9A19103F-16F7-4668-BE54-9A1E7A4F7556}") = "03-Singleton", "03-Singleton\03-Singleton.csproj", "{653F583F-2171-4C7D-B03B-2AB27DBB64DE}"
EndProject
Project("{9A19103F-16F7-4668-BE54-9A1E7A4F7556}") = "05-Prototype", "05-Prototype\05-Prototype.csproj", "{43639A57-3AF6-4330-9514-4B564B92E18D}"
EndProject
Project("{8BC9CEB8-8B4A-11D0-8D11-00A0C91BC942}") = "05-Prototype-C++", "05-Prototype-C++\05-Prototype-C++.vcxproj", "{6D640A0D-BCE0-4500-8760-47BB870D365F}"
EndProject
Project("{9A19103F-16F7-4668-BE54-9A1E7A4F7556}") = "06-Adapter", "06-Adapter\06-Adapter.csproj", "{DC94B699-689F-46B9-A917-1573570615AD}"
EndProject
Project("{9A19103F-16F7-4668-BE54-9A1E7A4F7556}") = "07-Bridge", "07-Bridge\07-Bridge.csproj", "{B501255A-D4CA-463A-9A36-A2C249F167C6}"
EndProject
Project("{9A19103F-16F7-4668-BE54-9A1E7A4F7556}") = "08-Filter", "08-Filter\08-Filter.csproj", "{2923758E-1D75-4D93-954C-A74B37768E1D}"
EndProject
Project("{9A19103F-16F7-4668-BE54-9A1E7A4F7556}") = "09-Composite", "09-Composite\09-Composite.csproj", "{E9CD7555-8C43-4A8C-BB0F-0FB065862BE4}"
EndProject
Project("{9A19103F-16F7-4668-BE54-9A1E7A4F7556}") = "10-Decorator", "10-Decorator\10-Decorator.csproj", "{E5FDC558-A8B6-49C7-AD30-7734AD94A5A4}"
EndProject
Project("{9A19103F-16F7-4668-BE54-9A1E7A4F7556}") = "11-Facade", "11-Facade\11-Facade.csproj", "{EA64EC58-6257-4719-BFBB-233B1E32F1E7}"
EndProject
Project("{9A19103F-16F7-4668-BE54-9A1E7A4F7556}") = "12-flyweight", "12-flyweight\12-flyweight.csproj", "{98699612-A155-4E27-AF7A-7ADB85BB439A}"
EndProject
Project("{9A19103F-16F7-4668-BE54-9A1E7A4F7556}") = "13-Proxy", "13-Proxy\13-Proxy.csproj", "{AC0CB249-67FB-44E7-B73B-130BF939859F}"
EndProject
Project("{9A19103F-16F7-4668-BE54-9A1E7A4F7556}") = "14-ChainOfResponsibility", "14-ChainOfResponsibility\14-ChainOfResponsibility.csproj", "{343A8740-E844-4AA1-B154-4D1D2124DFDF}"
EndProject
Project("{9A19103F-16F7-4668-BE54-9A1E7A4F7556}") = "15-COMMAND", "15-COMMAND\15-COMMAND.csproj", "{AEAA04A3-F004-469A-85EB-419F3B232D4E}"
EndProject
Project("{9A19103F-16F7-4668-BE54-9A1E7A4F7556}") = "15-commandAnotherPattern", "15-commandAnotherPattern\15-commandAnotherPattern.csproj", "{AC4B1306-6E38-4C36-B313-90B1B0E3B83E}"
EndProject
Project("{9A19103F-16F7-4668-BE54-9A1E7A4F7556}") = "16-Interpreter", "16-Interpreter\16-Interpreter.csproj", "{891DBA52-94FE-41E9-9A0D-50368A6D1954}"
EndProject
Project("{9A19103F-16F7-4668-BE54-9A1E7A4F7556}") = "17-iterator", "17-iterator\17-iterator.csproj", "{F2E011D5-A06B-4FF5-A70A-D57A7272B6BF}"
EndProject
Project("{9A19103F-16F7-4668-BE54-9A1E7A4F7556}") = "18-MediatorPattern", "18-MediatorPattern\18-MediatorPattern.csproj", "{9288BEDB-6EA0-452E-88DC-5780ECCAA673}"
EndProject
Project("{9A19103F-16F7-4668-BE54-9A1E7A4F7556}") = "19-Memento", "19-Memento\19-Memento.csproj", "{BF5EC8B1-27DC-4E51-A743-A46135F6DE74}"
EndProject
Project("{9A19103F-16F7-4668-BE54-9A1E7A4F7556}") = "20-Observer", "20-Observer\20-Observer.csproj", "{B3602D0E-67F3-4C3C-8B9C-2B71D21975D1}"
EndProject
Project("{2150E333-8FDC-42A3-9474-1A3956D46DE8}") = "Creational Patterns", "Creational Patterns", "{83533C48-2881-497F-909B-7FB46CA6318A}"
EndProject
Project("{9A19103F-16F7-4668-BE54-9A1E7A4F7556}") = "21-NullObject", "21-NullObject\21-NullObject.csproj", "{5C4DBD07-491B-43C8-9DE8-5D9612ED6E79}"
EndProject
Project("{9A19103F-16F7-4668-BE54-9A1E7A4F7556}") = "22-Strategy", "22-Strategy\22-Strategy.csproj", "{03AD1FB7-23E7-42F7-8812-CE0C1B53375D}"
EndProject
Project("{9A19103F-16F7-4668-BE54-9A1E7A4F7556}") = "23-template", "23-template\23-template.csproj", "{E6B8F047-F190-4CDB-A5DC-F08714B8915D}"
EndProject
Project("{9A19103F-16F7-4668-BE54-9A1E7A4F7556}") = "24-Visitor", "24-Visitor\24-Visitor.csproj", "{E78FFEE3-E636-48CF-B4B0-FD8A1BB96FB4}"
EndProject
Project("{9A19103F-16F7-4668-BE54-9A1E7A4F7556}") = "25-MVC", "25-MVC\25-MVC.csproj", "{64AE921A-4916-4628-BF57-EA9C035E9834}"
EndProject
Project("{2150E333-8FDC-42A3-9474-1A3956D46DE8}") = "Structural Patterns", "Structural Patterns", "{5D9B21D8-7634-43BB-8D81-4201A607EEE3}"
EndProject
Project("{2150E333-8FDC-42A3-9474-1A3956D46DE8}") = "Behavioral patterns", "Behavioral patterns", "{1821CFED-7498-46B4-9430-C48EF540B9B3}"
EndProject
Project("{FAE04EC0-301F-11D3-BF4B-00C04F79EFBC}") = "WebApplication4", "WebApplication4\WebApplication4.csproj", "{780D19B5-FCEF-4AC0-8B3C-B559A1025754}"
EndProject
Project("{2150E333-8FDC-42A3-9474-1A3956D46DE8}") = "tutorialsteacher", "tutorialsteacher", "{627B9E2D-7F64-4FA2-AA39-5051F11202E7}"
EndProject
Project("{9A19103F-16F7-4668-BE54-9A1E7A4F7556}") = "CSharpTutorial", "CSharpTutorial\CSharpTutorial.csproj", "{5A67B6D8-C90A-4DCA-ABCD-1B1CB41E33FD}"
EndProject
Project("{9A19103F-16F7-4668-BE54-9A1E7A4F7556}") = "EventTutorial", "EventTutorial\EventTutorial.csproj", "{CE9BDE7F-0F5F-4B36-A3F1-758B47F7C77D}"
EndProject
Project("{FAE04EC0-301F-11D3-BF4B-00C04F79EFBC}") = "Linq", "Linq\Linq.csproj", "{EE0E9C34-D34B-421B-8A3C-E09A04E0872C}"
EndProject
Project("{FAE04EC0-301F-11D3-BF4B-00C04F79EFBC}") = "MyFirstASPNetCoreApp", "MyFirstASPNetCoreApp\MyFirstASPNetCoreApp.csproj", "{F82AABE9-75FB-4570-9D83-8359270BDE67}"
EndProject
Global
	GlobalSection(SolutionConfigurationPlatforms) = preSolution
		Debug|Any CPU = Debug|Any CPU
		Debug|x64 = Debug|x64
		Debug|x86 = Debug|x86
		Release|Any CPU = Release|Any CPU
		Release|x64 = Release|x64
		Release|x86 = Release|x86
	EndGlobalSection
	GlobalSection(ProjectConfigurationPlatforms) = postSolution
		{AE55B445-5BA0-49C7-A3FC-B3DEF3E0D1F3}.Debug|Any CPU.ActiveCfg = Debug|Any CPU
		{AE55B445-5BA0-49C7-A3FC-B3DEF3E0D1F3}.Debug|Any CPU.Build.0 = Debug|Any CPU
		{AE55B445-5BA0-49C7-A3FC-B3DEF3E0D1F3}.Debug|x64.ActiveCfg = Debug|Any CPU
		{AE55B445-5BA0-49C7-A3FC-B3DEF3E0D1F3}.Debug|x64.Build.0 = Debug|Any CPU
		{AE55B445-5BA0-49C7-A3FC-B3DEF3E0D1F3}.Debug|x86.ActiveCfg = Debug|Any CPU
		{AE55B445-5BA0-49C7-A3FC-B3DEF3E0D1F3}.Debug|x86.Build.0 = Debug|Any CPU
		{AE55B445-5BA0-49C7-A3FC-B3DEF3E0D1F3}.Release|Any CPU.ActiveCfg = Release|Any CPU
		{AE55B445-5BA0-49C7-A3FC-B3DEF3E0D1F3}.Release|Any CPU.Build.0 = Release|Any CPU
		{AE55B445-5BA0-49C7-A3FC-B3DEF3E0D1F3}.Release|x64.ActiveCfg = Release|Any CPU
		{AE55B445-5BA0-49C7-A3FC-B3DEF3E0D1F3}.Release|x64.Build.0 = Release|Any CPU
		{AE55B445-5BA0-49C7-A3FC-B3DEF3E0D1F3}.Release|x86.ActiveCfg = Release|Any CPU
		{AE55B445-5BA0-49C7-A3FC-B3DEF3E0D1F3}.Release|x86.Build.0 = Release|Any CPU
		{77B6D55A-A77D-479C-9460-0B3C210B060A}.Debug|Any CPU.ActiveCfg = Debug|Any CPU
		{77B6D55A-A77D-479C-9460-0B3C210B060A}.Debug|Any CPU.Build.0 = Debug|Any CPU
		{77B6D55A-A77D-479C-9460-0B3C210B060A}.Debug|x64.ActiveCfg = Debug|Any CPU
		{77B6D55A-A77D-479C-9460-0B3C210B060A}.Debug|x64.Build.0 = Debug|Any CPU
		{77B6D55A-A77D-479C-9460-0B3C210B060A}.Debug|x86.ActiveCfg = Debug|Any CPU
		{77B6D55A-A77D-479C-9460-0B3C210B060A}.Debug|x86.Build.0 = Debug|Any CPU
		{77B6D55A-A77D-479C-9460-0B3C210B060A}.Release|Any CPU.ActiveCfg = Release|Any CPU
		{77B6D55A-A77D-479C-9460-0B3C210B060A}.Release|Any CPU.Build.0 = Release|Any CPU
		{77B6D55A-A77D-479C-9460-0B3C210B060A}.Release|x64.ActiveCfg = Release|Any CPU
		{77B6D55A-A77D-479C-9460-0B3C210B060A}.Release|x64.Build.0 = Release|Any CPU
		{77B6D55A-A77D-479C-9460-0B3C210B060A}.Release|x86.ActiveCfg = Release|Any CPU
		{77B6D55A-A77D-479C-9460-0B3C210B060A}.Release|x86.Build.0 = Release|Any CPU
		{8C5E3AE3-704B-4604-9E56-FC48C9A316F3}.Debug|Any CPU.ActiveCfg = Debug|Any CPU
		{8C5E3AE3-704B-4604-9E56-FC48C9A316F3}.Debug|Any CPU.Build.0 = Debug|Any CPU
		{8C5E3AE3-704B-4604-9E56-FC48C9A316F3}.Debug|x64.ActiveCfg = Debug|Any CPU
		{8C5E3AE3-704B-4604-9E56-FC48C9A316F3}.Debug|x64.Build.0 = Debug|Any CPU
		{8C5E3AE3-704B-4604-9E56-FC48C9A316F3}.Debug|x86.ActiveCfg = Debug|Any CPU
		{8C5E3AE3-704B-4604-9E56-FC48C9A316F3}.Debug|x86.Build.0 = Debug|Any CPU
		{8C5E3AE3-704B-4604-9E56-FC48C9A316F3}.Release|Any CPU.ActiveCfg = Release|Any CPU
		{8C5E3AE3-704B-4604-9E56-FC48C9A316F3}.Release|Any CPU.Build.0 = Release|Any CPU
		{8C5E3AE3-704B-4604-9E56-FC48C9A316F3}.Release|x64.ActiveCfg = Release|Any CPU
		{8C5E3AE3-704B-4604-9E56-FC48C9A316F3}.Release|x64.Build.0 = Release|Any CPU
		{8C5E3AE3-704B-4604-9E56-FC48C9A316F3}.Release|x86.ActiveCfg = Release|Any CPU
		{8C5E3AE3-704B-4604-9E56-FC48C9A316F3}.Release|x86.Build.0 = Release|Any CPU
		{D3EEDAD1-939F-415C-9253-1C267868708D}.Debug|Any CPU.ActiveCfg = Debug|Any CPU
		{D3EEDAD1-939F-415C-9253-1C267868708D}.Debug|Any CPU.Build.0 = Debug|Any CPU
		{D3EEDAD1-939F-415C-9253-1C267868708D}.Debug|x64.ActiveCfg = Debug|Any CPU
		{D3EEDAD1-939F-415C-9253-1C267868708D}.Debug|x64.Build.0 = Debug|Any CPU
		{D3EEDAD1-939F-415C-9253-1C267868708D}.Debug|x86.ActiveCfg = Debug|Any CPU
		{D3EEDAD1-939F-415C-9253-1C267868708D}.Debug|x86.Build.0 = Debug|Any CPU
		{D3EEDAD1-939F-415C-9253-1C267868708D}.Release|Any CPU.ActiveCfg = Release|Any CPU
		{D3EEDAD1-939F-415C-9253-1C267868708D}.Release|Any CPU.Build.0 = Release|Any CPU
		{D3EEDAD1-939F-415C-9253-1C267868708D}.Release|x64.ActiveCfg = Release|Any CPU
		{D3EEDAD1-939F-415C-9253-1C267868708D}.Release|x64.Build.0 = Release|Any CPU
		{D3EEDAD1-939F-415C-9253-1C267868708D}.Release|x86.ActiveCfg = Release|Any CPU
		{D3EEDAD1-939F-415C-9253-1C267868708D}.Release|x86.Build.0 = Release|Any CPU
		{B01006D7-9481-4A66-8982-F1DFAC05003E}.Debug|Any CPU.ActiveCfg = Debug|Any CPU
		{B01006D7-9481-4A66-8982-F1DFAC05003E}.Debug|Any CPU.Build.0 = Debug|Any CPU
		{B01006D7-9481-4A66-8982-F1DFAC05003E}.Debug|x64.ActiveCfg = Debug|Any CPU
		{B01006D7-9481-4A66-8982-F1DFAC05003E}.Debug|x64.Build.0 = Debug|Any CPU
		{B01006D7-9481-4A66-8982-F1DFAC05003E}.Debug|x86.ActiveCfg = Debug|Any CPU
		{B01006D7-9481-4A66-8982-F1DFAC05003E}.Debug|x86.Build.0 = Debug|Any CPU
		{B01006D7-9481-4A66-8982-F1DFAC05003E}.Release|Any CPU.ActiveCfg = Release|Any CPU
		{B01006D7-9481-4A66-8982-F1DFAC05003E}.Release|Any CPU.Build.0 = Release|Any CPU
		{B01006D7-9481-4A66-8982-F1DFAC05003E}.Release|x64.ActiveCfg = Release|Any CPU
		{B01006D7-9481-4A66-8982-F1DFAC05003E}.Release|x64.Build.0 = Release|Any CPU
		{B01006D7-9481-4A66-8982-F1DFAC05003E}.Release|x86.ActiveCfg = Release|Any CPU
		{B01006D7-9481-4A66-8982-F1DFAC05003E}.Release|x86.Build.0 = Release|Any CPU
		{096BFCAF-D344-4C35-BAF0-51B178A8FB3B}.Debug|Any CPU.ActiveCfg = Debug|Any CPU
		{096BFCAF-D344-4C35-BAF0-51B178A8FB3B}.Debug|Any CPU.Build.0 = Debug|Any CPU
		{096BFCAF-D344-4C35-BAF0-51B178A8FB3B}.Debug|x64.ActiveCfg = Debug|Any CPU
		{096BFCAF-D344-4C35-BAF0-51B178A8FB3B}.Debug|x64.Build.0 = Debug|Any CPU
		{096BFCAF-D344-4C35-BAF0-51B178A8FB3B}.Debug|x86.ActiveCfg = Debug|Any CPU
		{096BFCAF-D344-4C35-BAF0-51B178A8FB3B}.Debug|x86.Build.0 = Debug|Any CPU
		{096BFCAF-D344-4C35-BAF0-51B178A8FB3B}.Release|Any CPU.ActiveCfg = Release|Any CPU
		{096BFCAF-D344-4C35-BAF0-51B178A8FB3B}.Release|Any CPU.Build.0 = Release|Any CPU
		{096BFCAF-D344-4C35-BAF0-51B178A8FB3B}.Release|x64.ActiveCfg = Release|Any CPU
		{096BFCAF-D344-4C35-BAF0-51B178A8FB3B}.Release|x64.Build.0 = Release|Any CPU
		{096BFCAF-D344-4C35-BAF0-51B178A8FB3B}.Release|x86.ActiveCfg = Release|Any CPU
		{096BFCAF-D344-4C35-BAF0-51B178A8FB3B}.Release|x86.Build.0 = Release|Any CPU
		{591EBAC1-C7F9-4E31-9B28-988860BCE4FD}.Debug|Any CPU.ActiveCfg = Debug|Any CPU
		{591EBAC1-C7F9-4E31-9B28-988860BCE4FD}.Debug|Any CPU.Build.0 = Debug|Any CPU
		{591EBAC1-C7F9-4E31-9B28-988860BCE4FD}.Debug|x64.ActiveCfg = Debug|Any CPU
		{591EBAC1-C7F9-4E31-9B28-988860BCE4FD}.Debug|x64.Build.0 = Debug|Any CPU
		{591EBAC1-C7F9-4E31-9B28-988860BCE4FD}.Debug|x86.ActiveCfg = Debug|Any CPU
		{591EBAC1-C7F9-4E31-9B28-988860BCE4FD}.Debug|x86.Build.0 = Debug|Any CPU
		{591EBAC1-C7F9-4E31-9B28-988860BCE4FD}.Release|Any CPU.ActiveCfg = Release|Any CPU
		{591EBAC1-C7F9-4E31-9B28-988860BCE4FD}.Release|Any CPU.Build.0 = Release|Any CPU
		{591EBAC1-C7F9-4E31-9B28-988860BCE4FD}.Release|x64.ActiveCfg = Release|Any CPU
		{591EBAC1-C7F9-4E31-9B28-988860BCE4FD}.Release|x64.Build.0 = Release|Any CPU
		{591EBAC1-C7F9-4E31-9B28-988860BCE4FD}.Release|x86.ActiveCfg = Release|Any CPU
		{591EBAC1-C7F9-4E31-9B28-988860BCE4FD}.Release|x86.Build.0 = Release|Any CPU
		{653F583F-2171-4C7D-B03B-2AB27DBB64DE}.Debug|Any CPU.ActiveCfg = Debug|Any CPU
		{653F583F-2171-4C7D-B03B-2AB27DBB64DE}.Debug|Any CPU.Build.0 = Debug|Any CPU
		{653F583F-2171-4C7D-B03B-2AB27DBB64DE}.Debug|x64.ActiveCfg = Debug|Any CPU
		{653F583F-2171-4C7D-B03B-2AB27DBB64DE}.Debug|x64.Build.0 = Debug|Any CPU
		{653F583F-2171-4C7D-B03B-2AB27DBB64DE}.Debug|x86.ActiveCfg = Debug|Any CPU
		{653F583F-2171-4C7D-B03B-2AB27DBB64DE}.Debug|x86.Build.0 = Debug|Any CPU
		{653F583F-2171-4C7D-B03B-2AB27DBB64DE}.Release|Any CPU.ActiveCfg = Release|Any CPU
		{653F583F-2171-4C7D-B03B-2AB27DBB64DE}.Release|Any CPU.Build.0 = Release|Any CPU
		{653F583F-2171-4C7D-B03B-2AB27DBB64DE}.Release|x64.ActiveCfg = Release|Any CPU
		{653F583F-2171-4C7D-B03B-2AB27DBB64DE}.Release|x64.Build.0 = Release|Any CPU
		{653F583F-2171-4C7D-B03B-2AB27DBB64DE}.Release|x86.ActiveCfg = Release|Any CPU
		{653F583F-2171-4C7D-B03B-2AB27DBB64DE}.Release|x86.Build.0 = Release|Any CPU
		{43639A57-3AF6-4330-9514-4B564B92E18D}.Debug|Any CPU.ActiveCfg = Debug|Any CPU
		{43639A57-3AF6-4330-9514-4B564B92E18D}.Debug|Any CPU.Build.0 = Debug|Any CPU
		{43639A57-3AF6-4330-9514-4B564B92E18D}.Debug|x64.ActiveCfg = Debug|Any CPU
		{43639A57-3AF6-4330-9514-4B564B92E18D}.Debug|x64.Build.0 = Debug|Any CPU
		{43639A57-3AF6-4330-9514-4B564B92E18D}.Debug|x86.ActiveCfg = Debug|Any CPU
		{43639A57-3AF6-4330-9514-4B564B92E18D}.Debug|x86.Build.0 = Debug|Any CPU
		{43639A57-3AF6-4330-9514-4B564B92E18D}.Release|Any CPU.ActiveCfg = Release|Any CPU
		{43639A57-3AF6-4330-9514-4B564B92E18D}.Release|Any CPU.Build.0 = Release|Any CPU
		{43639A57-3AF6-4330-9514-4B564B92E18D}.Release|x64.ActiveCfg = Release|Any CPU
		{43639A57-3AF6-4330-9514-4B564B92E18D}.Release|x64.Build.0 = Release|Any CPU
		{43639A57-3AF6-4330-9514-4B564B92E18D}.Release|x86.ActiveCfg = Release|Any CPU
		{43639A57-3AF6-4330-9514-4B564B92E18D}.Release|x86.Build.0 = Release|Any CPU
		{6D640A0D-BCE0-4500-8760-47BB870D365F}.Debug|Any CPU.ActiveCfg = Debug|Win32
		{6D640A0D-BCE0-4500-8760-47BB870D365F}.Debug|x64.ActiveCfg = Debug|x64
		{6D640A0D-BCE0-4500-8760-47BB870D365F}.Debug|x64.Build.0 = Debug|x64
		{6D640A0D-BCE0-4500-8760-47BB870D365F}.Debug|x86.ActiveCfg = Debug|Win32
		{6D640A0D-BCE0-4500-8760-47BB870D365F}.Debug|x86.Build.0 = Debug|Win32
		{6D640A0D-BCE0-4500-8760-47BB870D365F}.Release|Any CPU.ActiveCfg = Release|Win32
		{6D640A0D-BCE0-4500-8760-47BB870D365F}.Release|x64.ActiveCfg = Release|x64
		{6D640A0D-BCE0-4500-8760-47BB870D365F}.Release|x64.Build.0 = Release|x64
		{6D640A0D-BCE0-4500-8760-47BB870D365F}.Release|x86.ActiveCfg = Release|Win32
		{6D640A0D-BCE0-4500-8760-47BB870D365F}.Release|x86.Build.0 = Release|Win32
		{DC94B699-689F-46B9-A917-1573570615AD}.Debug|Any CPU.ActiveCfg = Debug|Any CPU
		{DC94B699-689F-46B9-A917-1573570615AD}.Debug|Any CPU.Build.0 = Debug|Any CPU
		{DC94B699-689F-46B9-A917-1573570615AD}.Debug|x64.ActiveCfg = Debug|Any CPU
		{DC94B699-689F-46B9-A917-1573570615AD}.Debug|x64.Build.0 = Debug|Any CPU
		{DC94B699-689F-46B9-A917-1573570615AD}.Debug|x86.ActiveCfg = Debug|Any CPU
		{DC94B699-689F-46B9-A917-1573570615AD}.Debug|x86.Build.0 = Debug|Any CPU
		{DC94B699-689F-46B9-A917-1573570615AD}.Release|Any CPU.ActiveCfg = Release|Any CPU
		{DC94B699-689F-46B9-A917-1573570615AD}.Release|Any CPU.Build.0 = Release|Any CPU
		{DC94B699-689F-46B9-A917-1573570615AD}.Release|x64.ActiveCfg = Release|Any CPU
		{DC94B699-689F-46B9-A917-1573570615AD}.Release|x64.Build.0 = Release|Any CPU
		{DC94B699-689F-46B9-A917-1573570615AD}.Release|x86.ActiveCfg = Release|Any CPU
		{DC94B699-689F-46B9-A917-1573570615AD}.Release|x86.Build.0 = Release|Any CPU
		{B501255A-D4CA-463A-9A36-A2C249F167C6}.Debug|Any CPU.ActiveCfg = Debug|Any CPU
		{B501255A-D4CA-463A-9A36-A2C249F167C6}.Debug|Any CPU.Build.0 = Debug|Any CPU
		{B501255A-D4CA-463A-9A36-A2C249F167C6}.Debug|x64.ActiveCfg = Debug|Any CPU
		{B501255A-D4CA-463A-9A36-A2C249F167C6}.Debug|x64.Build.0 = Debug|Any CPU
		{B501255A-D4CA-463A-9A36-A2C249F167C6}.Debug|x86.ActiveCfg = Debug|Any CPU
		{B501255A-D4CA-463A-9A36-A2C249F167C6}.Debug|x86.Build.0 = Debug|Any CPU
		{B501255A-D4CA-463A-9A36-A2C249F167C6}.Release|Any CPU.ActiveCfg = Release|Any CPU
		{B501255A-D4CA-463A-9A36-A2C249F167C6}.Release|Any CPU.Build.0 = Release|Any CPU
		{B501255A-D4CA-463A-9A36-A2C249F167C6}.Release|x64.ActiveCfg = Release|Any CPU
		{B501255A-D4CA-463A-9A36-A2C249F167C6}.Release|x64.Build.0 = Release|Any CPU
		{B501255A-D4CA-463A-9A36-A2C249F167C6}.Release|x86.ActiveCfg = Release|Any CPU
		{B501255A-D4CA-463A-9A36-A2C249F167C6}.Release|x86.Build.0 = Release|Any CPU
		{2923758E-1D75-4D93-954C-A74B37768E1D}.Debug|Any CPU.ActiveCfg = Debug|Any CPU
		{2923758E-1D75-4D93-954C-A74B37768E1D}.Debug|Any CPU.Build.0 = Debug|Any CPU
		{2923758E-1D75-4D93-954C-A74B37768E1D}.Debug|x64.ActiveCfg = Debug|Any CPU
		{2923758E-1D75-4D93-954C-A74B37768E1D}.Debug|x64.Build.0 = Debug|Any CPU
		{2923758E-1D75-4D93-954C-A74B37768E1D}.Debug|x86.ActiveCfg = Debug|Any CPU
		{2923758E-1D75-4D93-954C-A74B37768E1D}.Debug|x86.Build.0 = Debug|Any CPU
		{2923758E-1D75-4D93-954C-A74B37768E1D}.Release|Any CPU.ActiveCfg = Release|Any CPU
		{2923758E-1D75-4D93-954C-A74B37768E1D}.Release|Any CPU.Build.0 = Release|Any CPU
		{2923758E-1D75-4D93-954C-A74B37768E1D}.Release|x64.ActiveCfg = Release|Any CPU
		{2923758E-1D75-4D93-954C-A74B37768E1D}.Release|x64.Build.0 = Release|Any CPU
		{2923758E-1D75-4D93-954C-A74B37768E1D}.Release|x86.ActiveCfg = Release|Any CPU
		{2923758E-1D75-4D93-954C-A74B37768E1D}.Release|x86.Build.0 = Release|Any CPU
		{E9CD7555-8C43-4A8C-BB0F-0FB065862BE4}.Debug|Any CPU.ActiveCfg = Debug|Any CPU
		{E9CD7555-8C43-4A8C-BB0F-0FB065862BE4}.Debug|Any CPU.Build.0 = Debug|Any CPU
		{E9CD7555-8C43-4A8C-BB0F-0FB065862BE4}.Debug|x64.ActiveCfg = Debug|Any CPU
		{E9CD7555-8C43-4A8C-BB0F-0FB065862BE4}.Debug|x64.Build.0 = Debug|Any CPU
		{E9CD7555-8C43-4A8C-BB0F-0FB065862BE4}.Debug|x86.ActiveCfg = Debug|Any CPU
		{E9CD7555-8C43-4A8C-BB0F-0FB065862BE4}.Debug|x86.Build.0 = Debug|Any CPU
		{E9CD7555-8C43-4A8C-BB0F-0FB065862BE4}.Release|Any CPU.ActiveCfg = Release|Any CPU
		{E9CD7555-8C43-4A8C-BB0F-0FB065862BE4}.Release|Any CPU.Build.0 = Release|Any CPU
		{E9CD7555-8C43-4A8C-BB0F-0FB065862BE4}.Release|x64.ActiveCfg = Release|Any CPU
		{E9CD7555-8C43-4A8C-BB0F-0FB065862BE4}.Release|x64.Build.0 = Release|Any CPU
		{E9CD7555-8C43-4A8C-BB0F-0FB065862BE4}.Release|x86.ActiveCfg = Release|Any CPU
		{E9CD7555-8C43-4A8C-BB0F-0FB065862BE4}.Release|x86.Build.0 = Release|Any CPU
		{E5FDC558-A8B6-49C7-AD30-7734AD94A5A4}.Debug|Any CPU.ActiveCfg = Debug|Any CPU
		{E5FDC558-A8B6-49C7-AD30-7734AD94A5A4}.Debug|Any CPU.Build.0 = Debug|Any CPU
		{E5FDC558-A8B6-49C7-AD30-7734AD94A5A4}.Debug|x64.ActiveCfg = Debug|Any CPU
		{E5FDC558-A8B6-49C7-AD30-7734AD94A5A4}.Debug|x64.Build.0 = Debug|Any CPU
		{E5FDC558-A8B6-49C7-AD30-7734AD94A5A4}.Debug|x86.ActiveCfg = Debug|Any CPU
		{E5FDC558-A8B6-49C7-AD30-7734AD94A5A4}.Debug|x86.Build.0 = Debug|Any CPU
		{E5FDC558-A8B6-49C7-AD30-7734AD94A5A4}.Release|Any CPU.ActiveCfg = Release|Any CPU
		{E5FDC558-A8B6-49C7-AD30-7734AD94A5A4}.Release|Any CPU.Build.0 = Release|Any CPU
		{E5FDC558-A8B6-49C7-AD30-7734AD94A5A4}.Release|x64.ActiveCfg = Release|Any CPU
		{E5FDC558-A8B6-49C7-AD30-7734AD94A5A4}.Release|x64.Build.0 = Release|Any CPU
		{E5FDC558-A8B6-49C7-AD30-7734AD94A5A4}.Release|x86.ActiveCfg = Release|Any CPU
		{E5FDC558-A8B6-49C7-AD30-7734AD94A5A4}.Release|x86.Build.0 = Release|Any CPU
		{EA64EC58-6257-4719-BFBB-233B1E32F1E7}.Debug|Any CPU.ActiveCfg = Debug|Any CPU
		{EA64EC58-6257-4719-BFBB-233B1E32F1E7}.Debug|Any CPU.Build.0 = Debug|Any CPU
		{EA64EC58-6257-4719-BFBB-233B1E32F1E7}.Debug|x64.ActiveCfg = Debug|Any CPU
		{EA64EC58-6257-4719-BFBB-233B1E32F1E7}.Debug|x64.Build.0 = Debug|Any CPU
		{EA64EC58-6257-4719-BFBB-233B1E32F1E7}.Debug|x86.ActiveCfg = Debug|Any CPU
		{EA64EC58-6257-4719-BFBB-233B1E32F1E7}.Debug|x86.Build.0 = Debug|Any CPU
		{EA64EC58-6257-4719-BFBB-233B1E32F1E7}.Release|Any CPU.ActiveCfg = Release|Any CPU
		{EA64EC58-6257-4719-BFBB-233B1E32F1E7}.Release|Any CPU.Build.0 = Release|Any CPU
		{EA64EC58-6257-4719-BFBB-233B1E32F1E7}.Release|x64.ActiveCfg = Release|Any CPU
		{EA64EC58-6257-4719-BFBB-233B1E32F1E7}.Release|x64.Build.0 = Release|Any CPU
		{EA64EC58-6257-4719-BFBB-233B1E32F1E7}.Release|x86.ActiveCfg = Release|Any CPU
		{EA64EC58-6257-4719-BFBB-233B1E32F1E7}.Release|x86.Build.0 = Release|Any CPU
		{98699612-A155-4E27-AF7A-7ADB85BB439A}.Debug|Any CPU.ActiveCfg = Debug|Any CPU
		{98699612-A155-4E27-AF7A-7ADB85BB439A}.Debug|Any CPU.Build.0 = Debug|Any CPU
		{98699612-A155-4E27-AF7A-7ADB85BB439A}.Debug|x64.ActiveCfg = Debug|Any CPU
		{98699612-A155-4E27-AF7A-7ADB85BB439A}.Debug|x64.Build.0 = Debug|Any CPU
		{98699612-A155-4E27-AF7A-7ADB85BB439A}.Debug|x86.ActiveCfg = Debug|Any CPU
		{98699612-A155-4E27-AF7A-7ADB85BB439A}.Debug|x86.Build.0 = Debug|Any CPU
		{98699612-A155-4E27-AF7A-7ADB85BB439A}.Release|Any CPU.ActiveCfg = Release|Any CPU
		{98699612-A155-4E27-AF7A-7ADB85BB439A}.Release|Any CPU.Build.0 = Release|Any CPU
		{98699612-A155-4E27-AF7A-7ADB85BB439A}.Release|x64.ActiveCfg = Release|Any CPU
		{98699612-A155-4E27-AF7A-7ADB85BB439A}.Release|x64.Build.0 = Release|Any CPU
		{98699612-A155-4E27-AF7A-7ADB85BB439A}.Release|x86.ActiveCfg = Release|Any CPU
		{98699612-A155-4E27-AF7A-7ADB85BB439A}.Release|x86.Build.0 = Release|Any CPU
		{AC0CB249-67FB-44E7-B73B-130BF939859F}.Debug|Any CPU.ActiveCfg = Debug|Any CPU
		{AC0CB249-67FB-44E7-B73B-130BF939859F}.Debug|Any CPU.Build.0 = Debug|Any CPU
		{AC0CB249-67FB-44E7-B73B-130BF939859F}.Debug|x64.ActiveCfg = Debug|Any CPU
		{AC0CB249-67FB-44E7-B73B-130BF939859F}.Debug|x64.Build.0 = Debug|Any CPU
		{AC0CB249-67FB-44E7-B73B-130BF939859F}.Debug|x86.ActiveCfg = Debug|Any CPU
		{AC0CB249-67FB-44E7-B73B-130BF939859F}.Debug|x86.Build.0 = Debug|Any CPU
		{AC0CB249-67FB-44E7-B73B-130BF939859F}.Release|Any CPU.ActiveCfg = Release|Any CPU
		{AC0CB249-67FB-44E7-B73B-130BF939859F}.Release|Any CPU.Build.0 = Release|Any CPU
		{AC0CB249-67FB-44E7-B73B-130BF939859F}.Release|x64.ActiveCfg = Release|Any CPU
		{AC0CB249-67FB-44E7-B73B-130BF939859F}.Release|x64.Build.0 = Release|Any CPU
		{AC0CB249-67FB-44E7-B73B-130BF939859F}.Release|x86.ActiveCfg = Release|Any CPU
		{AC0CB249-67FB-44E7-B73B-130BF939859F}.Release|x86.Build.0 = Release|Any CPU
		{343A8740-E844-4AA1-B154-4D1D2124DFDF}.Debug|Any CPU.ActiveCfg = Debug|Any CPU
		{343A8740-E844-4AA1-B154-4D1D2124DFDF}.Debug|Any CPU.Build.0 = Debug|Any CPU
		{343A8740-E844-4AA1-B154-4D1D2124DFDF}.Debug|x64.ActiveCfg = Debug|Any CPU
		{343A8740-E844-4AA1-B154-4D1D2124DFDF}.Debug|x64.Build.0 = Debug|Any CPU
		{343A8740-E844-4AA1-B154-4D1D2124DFDF}.Debug|x86.ActiveCfg = Debug|Any CPU
		{343A8740-E844-4AA1-B154-4D1D2124DFDF}.Debug|x86.Build.0 = Debug|Any CPU
		{343A8740-E844-4AA1-B154-4D1D2124DFDF}.Release|Any CPU.ActiveCfg = Release|Any CPU
		{343A8740-E844-4AA1-B154-4D1D2124DFDF}.Release|Any CPU.Build.0 = Release|Any CPU
		{343A8740-E844-4AA1-B154-4D1D2124DFDF}.Release|x64.ActiveCfg = Release|Any CPU
		{343A8740-E844-4AA1-B154-4D1D2124DFDF}.Release|x64.Build.0 = Release|Any CPU
		{343A8740-E844-4AA1-B154-4D1D2124DFDF}.Release|x86.ActiveCfg = Release|Any CPU
		{343A8740-E844-4AA1-B154-4D1D2124DFDF}.Release|x86.Build.0 = Release|Any CPU
		{AEAA04A3-F004-469A-85EB-419F3B232D4E}.Debug|Any CPU.ActiveCfg = Debug|Any CPU
		{AEAA04A3-F004-469A-85EB-419F3B232D4E}.Debug|Any CPU.Build.0 = Debug|Any CPU
		{AEAA04A3-F004-469A-85EB-419F3B232D4E}.Debug|x64.ActiveCfg = Debug|Any CPU
		{AEAA04A3-F004-469A-85EB-419F3B232D4E}.Debug|x64.Build.0 = Debug|Any CPU
		{AEAA04A3-F004-469A-85EB-419F3B232D4E}.Debug|x86.ActiveCfg = Debug|Any CPU
		{AEAA04A3-F004-469A-85EB-419F3B232D4E}.Debug|x86.Build.0 = Debug|Any CPU
		{AEAA04A3-F004-469A-85EB-419F3B232D4E}.Release|Any CPU.ActiveCfg = Release|Any CPU
		{AEAA04A3-F004-469A-85EB-419F3B232D4E}.Release|Any CPU.Build.0 = Release|Any CPU
		{AEAA04A3-F004-469A-85EB-419F3B232D4E}.Release|x64.ActiveCfg = Release|Any CPU
		{AEAA04A3-F004-469A-85EB-419F3B232D4E}.Release|x64.Build.0 = Release|Any CPU
		{AEAA04A3-F004-469A-85EB-419F3B232D4E}.Release|x86.ActiveCfg = Release|Any CPU
		{AEAA04A3-F004-469A-85EB-419F3B232D4E}.Release|x86.Build.0 = Release|Any CPU
		{AC4B1306-6E38-4C36-B313-90B1B0E3B83E}.Debug|Any CPU.ActiveCfg = Debug|Any CPU
		{AC4B1306-6E38-4C36-B313-90B1B0E3B83E}.Debug|Any CPU.Build.0 = Debug|Any CPU
		{AC4B1306-6E38-4C36-B313-90B1B0E3B83E}.Debug|x64.ActiveCfg = Debug|Any CPU
		{AC4B1306-6E38-4C36-B313-90B1B0E3B83E}.Debug|x64.Build.0 = Debug|Any CPU
		{AC4B1306-6E38-4C36-B313-90B1B0E3B83E}.Debug|x86.ActiveCfg = Debug|Any CPU
		{AC4B1306-6E38-4C36-B313-90B1B0E3B83E}.Debug|x86.Build.0 = Debug|Any CPU
		{AC4B1306-6E38-4C36-B313-90B1B0E3B83E}.Release|Any CPU.ActiveCfg = Release|Any CPU
		{AC4B1306-6E38-4C36-B313-90B1B0E3B83E}.Release|Any CPU.Build.0 = Release|Any CPU
		{AC4B1306-6E38-4C36-B313-90B1B0E3B83E}.Release|x64.ActiveCfg = Release|Any CPU
		{AC4B1306-6E38-4C36-B313-90B1B0E3B83E}.Release|x64.Build.0 = Release|Any CPU
		{AC4B1306-6E38-4C36-B313-90B1B0E3B83E}.Release|x86.ActiveCfg = Release|Any CPU
		{AC4B1306-6E38-4C36-B313-90B1B0E3B83E}.Release|x86.Build.0 = Release|Any CPU
		{891DBA52-94FE-41E9-9A0D-50368A6D1954}.Debug|Any CPU.ActiveCfg = Debug|Any CPU
		{891DBA52-94FE-41E9-9A0D-50368A6D1954}.Debug|Any CPU.Build.0 = Debug|Any CPU
		{891DBA52-94FE-41E9-9A0D-50368A6D1954}.Debug|x64.ActiveCfg = Debug|Any CPU
		{891DBA52-94FE-41E9-9A0D-50368A6D1954}.Debug|x64.Build.0 = Debug|Any CPU
		{891DBA52-94FE-41E9-9A0D-50368A6D1954}.Debug|x86.ActiveCfg = Debug|Any CPU
		{891DBA52-94FE-41E9-9A0D-50368A6D1954}.Debug|x86.Build.0 = Debug|Any CPU
		{891DBA52-94FE-41E9-9A0D-50368A6D1954}.Release|Any CPU.ActiveCfg = Release|Any CPU
		{891DBA52-94FE-41E9-9A0D-50368A6D1954}.Release|Any CPU.Build.0 = Release|Any CPU
		{891DBA52-94FE-41E9-9A0D-50368A6D1954}.Release|x64.ActiveCfg = Release|Any CPU
		{891DBA52-94FE-41E9-9A0D-50368A6D1954}.Release|x64.Build.0 = Release|Any CPU
		{891DBA52-94FE-41E9-9A0D-50368A6D1954}.Release|x86.ActiveCfg = Release|Any CPU
		{891DBA52-94FE-41E9-9A0D-50368A6D1954}.Release|x86.Build.0 = Release|Any CPU
		{F2E011D5-A06B-4FF5-A70A-D57A7272B6BF}.Debug|Any CPU.ActiveCfg = Debug|Any CPU
		{F2E011D5-A06B-4FF5-A70A-D57A7272B6BF}.Debug|Any CPU.Build.0 = Debug|Any CPU
		{F2E011D5-A06B-4FF5-A70A-D57A7272B6BF}.Debug|x64.ActiveCfg = Debug|Any CPU
		{F2E011D5-A06B-4FF5-A70A-D57A7272B6BF}.Debug|x64.Build.0 = Debug|Any CPU
		{F2E011D5-A06B-4FF5-A70A-D57A7272B6BF}.Debug|x86.ActiveCfg = Debug|Any CPU
		{F2E011D5-A06B-4FF5-A70A-D57A7272B6BF}.Debug|x86.Build.0 = Debug|Any CPU
		{F2E011D5-A06B-4FF5-A70A-D57A7272B6BF}.Release|Any CPU.ActiveCfg = Release|Any CPU
		{F2E011D5-A06B-4FF5-A70A-D57A7272B6BF}.Release|Any CPU.Build.0 = Release|Any CPU
		{F2E011D5-A06B-4FF5-A70A-D57A7272B6BF}.Release|x64.ActiveCfg = Release|Any CPU
		{F2E011D5-A06B-4FF5-A70A-D57A7272B6BF}.Release|x64.Build.0 = Release|Any CPU
		{F2E011D5-A06B-4FF5-A70A-D57A7272B6BF}.Release|x86.ActiveCfg = Release|Any CPU
		{F2E011D5-A06B-4FF5-A70A-D57A7272B6BF}.Release|x86.Build.0 = Release|Any CPU
		{9288BEDB-6EA0-452E-88DC-5780ECCAA673}.Debug|Any CPU.ActiveCfg = Debug|Any CPU
		{9288BEDB-6EA0-452E-88DC-5780ECCAA673}.Debug|Any CPU.Build.0 = Debug|Any CPU
		{9288BEDB-6EA0-452E-88DC-5780ECCAA673}.Debug|x64.ActiveCfg = Debug|Any CPU
		{9288BEDB-6EA0-452E-88DC-5780ECCAA673}.Debug|x64.Build.0 = Debug|Any CPU
		{9288BEDB-6EA0-452E-88DC-5780ECCAA673}.Debug|x86.ActiveCfg = Debug|Any CPU
		{9288BEDB-6EA0-452E-88DC-5780ECCAA673}.Debug|x86.Build.0 = Debug|Any CPU
		{9288BEDB-6EA0-452E-88DC-5780ECCAA673}.Release|Any CPU.ActiveCfg = Release|Any CPU
		{9288BEDB-6EA0-452E-88DC-5780ECCAA673}.Release|Any CPU.Build.0 = Release|Any CPU
		{9288BEDB-6EA0-452E-88DC-5780ECCAA673}.Release|x64.ActiveCfg = Release|Any CPU
		{9288BEDB-6EA0-452E-88DC-5780ECCAA673}.Release|x64.Build.0 = Release|Any CPU
		{9288BEDB-6EA0-452E-88DC-5780ECCAA673}.Release|x86.ActiveCfg = Release|Any CPU
		{9288BEDB-6EA0-452E-88DC-5780ECCAA673}.Release|x86.Build.0 = Release|Any CPU
		{BF5EC8B1-27DC-4E51-A743-A46135F6DE74}.Debug|Any CPU.ActiveCfg = Debug|Any CPU
		{BF5EC8B1-27DC-4E51-A743-A46135F6DE74}.Debug|Any CPU.Build.0 = Debug|Any CPU
		{BF5EC8B1-27DC-4E51-A743-A46135F6DE74}.Debug|x64.ActiveCfg = Debug|Any CPU
		{BF5EC8B1-27DC-4E51-A743-A46135F6DE74}.Debug|x64.Build.0 = Debug|Any CPU
		{BF5EC8B1-27DC-4E51-A743-A46135F6DE74}.Debug|x86.ActiveCfg = Debug|Any CPU
		{BF5EC8B1-27DC-4E51-A743-A46135F6DE74}.Debug|x86.Build.0 = Debug|Any CPU
		{BF5EC8B1-27DC-4E51-A743-A46135F6DE74}.Release|Any CPU.ActiveCfg = Release|Any CPU
		{BF5EC8B1-27DC-4E51-A743-A46135F6DE74}.Release|Any CPU.Build.0 = Release|Any CPU
		{BF5EC8B1-27DC-4E51-A743-A46135F6DE74}.Release|x64.ActiveCfg = Release|Any CPU
		{BF5EC8B1-27DC-4E51-A743-A46135F6DE74}.Release|x64.Build.0 = Release|Any CPU
		{BF5EC8B1-27DC-4E51-A743-A46135F6DE74}.Release|x86.ActiveCfg = Release|Any CPU
		{BF5EC8B1-27DC-4E51-A743-A46135F6DE74}.Release|x86.Build.0 = Release|Any CPU
		{B3602D0E-67F3-4C3C-8B9C-2B71D21975D1}.Debug|Any CPU.ActiveCfg = Debug|Any CPU
		{B3602D0E-67F3-4C3C-8B9C-2B71D21975D1}.Debug|Any CPU.Build.0 = Debug|Any CPU
		{B3602D0E-67F3-4C3C-8B9C-2B71D21975D1}.Debug|x64.ActiveCfg = Debug|Any CPU
		{B3602D0E-67F3-4C3C-8B9C-2B71D21975D1}.Debug|x64.Build.0 = Debug|Any CPU
		{B3602D0E-67F3-4C3C-8B9C-2B71D21975D1}.Debug|x86.ActiveCfg = Debug|Any CPU
		{B3602D0E-67F3-4C3C-8B9C-2B71D21975D1}.Debug|x86.Build.0 = Debug|Any CPU
		{B3602D0E-67F3-4C3C-8B9C-2B71D21975D1}.Release|Any CPU.ActiveCfg = Release|Any CPU
		{B3602D0E-67F3-4C3C-8B9C-2B71D21975D1}.Release|Any CPU.Build.0 = Release|Any CPU
		{B3602D0E-67F3-4C3C-8B9C-2B71D21975D1}.Release|x64.ActiveCfg = Release|Any CPU
		{B3602D0E-67F3-4C3C-8B9C-2B71D21975D1}.Release|x64.Build.0 = Release|Any CPU
		{B3602D0E-67F3-4C3C-8B9C-2B71D21975D1}.Release|x86.ActiveCfg = Release|Any CPU
		{B3602D0E-67F3-4C3C-8B9C-2B71D21975D1}.Release|x86.Build.0 = Release|Any CPU
		{5C4DBD07-491B-43C8-9DE8-5D9612ED6E79}.Debug|Any CPU.ActiveCfg = Debug|Any CPU
		{5C4DBD07-491B-43C8-9DE8-5D9612ED6E79}.Debug|Any CPU.Build.0 = Debug|Any CPU
		{5C4DBD07-491B-43C8-9DE8-5D9612ED6E79}.Debug|x64.ActiveCfg = Debug|Any CPU
		{5C4DBD07-491B-43C8-9DE8-5D9612ED6E79}.Debug|x64.Build.0 = Debug|Any CPU
		{5C4DBD07-491B-43C8-9DE8-5D9612ED6E79}.Debug|x86.ActiveCfg = Debug|Any CPU
		{5C4DBD07-491B-43C8-9DE8-5D9612ED6E79}.Debug|x86.Build.0 = Debug|Any CPU
		{5C4DBD07-491B-43C8-9DE8-5D9612ED6E79}.Release|Any CPU.ActiveCfg = Release|Any CPU
		{5C4DBD07-491B-43C8-9DE8-5D9612ED6E79}.Release|Any CPU.Build.0 = Release|Any CPU
		{5C4DBD07-491B-43C8-9DE8-5D9612ED6E79}.Release|x64.ActiveCfg = Release|Any CPU
		{5C4DBD07-491B-43C8-9DE8-5D9612ED6E79}.Release|x64.Build.0 = Release|Any CPU
		{5C4DBD07-491B-43C8-9DE8-5D9612ED6E79}.Release|x86.ActiveCfg = Release|Any CPU
		{5C4DBD07-491B-43C8-9DE8-5D9612ED6E79}.Release|x86.Build.0 = Release|Any CPU
		{03AD1FB7-23E7-42F7-8812-CE0C1B53375D}.Debug|Any CPU.ActiveCfg = Debug|Any CPU
		{03AD1FB7-23E7-42F7-8812-CE0C1B53375D}.Debug|Any CPU.Build.0 = Debug|Any CPU
		{03AD1FB7-23E7-42F7-8812-CE0C1B53375D}.Debug|x64.ActiveCfg = Debug|Any CPU
		{03AD1FB7-23E7-42F7-8812-CE0C1B53375D}.Debug|x64.Build.0 = Debug|Any CPU
		{03AD1FB7-23E7-42F7-8812-CE0C1B53375D}.Debug|x86.ActiveCfg = Debug|Any CPU
		{03AD1FB7-23E7-42F7-8812-CE0C1B53375D}.Debug|x86.Build.0 = Debug|Any CPU
		{03AD1FB7-23E7-42F7-8812-CE0C1B53375D}.Release|Any CPU.ActiveCfg = Release|Any CPU
		{03AD1FB7-23E7-42F7-8812-CE0C1B53375D}.Release|Any CPU.Build.0 = Release|Any CPU
		{03AD1FB7-23E7-42F7-8812-CE0C1B53375D}.Release|x64.ActiveCfg = Release|Any CPU
		{03AD1FB7-23E7-42F7-8812-CE0C1B53375D}.Release|x64.Build.0 = Release|Any CPU
		{03AD1FB7-23E7-42F7-8812-CE0C1B53375D}.Release|x86.ActiveCfg = Release|Any CPU
		{03AD1FB7-23E7-42F7-8812-CE0C1B53375D}.Release|x86.Build.0 = Release|Any CPU
		{E6B8F047-F190-4CDB-A5DC-F08714B8915D}.Debug|Any CPU.ActiveCfg = Debug|Any CPU
		{E6B8F047-F190-4CDB-A5DC-F08714B8915D}.Debug|Any CPU.Build.0 = Debug|Any CPU
		{E6B8F047-F190-4CDB-A5DC-F08714B8915D}.Debug|x64.ActiveCfg = Debug|Any CPU
		{E6B8F047-F190-4CDB-A5DC-F08714B8915D}.Debug|x64.Build.0 = Debug|Any CPU
		{E6B8F047-F190-4CDB-A5DC-F08714B8915D}.Debug|x86.ActiveCfg = Debug|Any CPU
		{E6B8F047-F190-4CDB-A5DC-F08714B8915D}.Debug|x86.Build.0 = Debug|Any CPU
		{E6B8F047-F190-4CDB-A5DC-F08714B8915D}.Release|Any CPU.ActiveCfg = Release|Any CPU
		{E6B8F047-F190-4CDB-A5DC-F08714B8915D}.Release|Any CPU.Build.0 = Release|Any CPU
		{E6B8F047-F190-4CDB-A5DC-F08714B8915D}.Release|x64.ActiveCfg = Release|Any CPU
		{E6B8F047-F190-4CDB-A5DC-F08714B8915D}.Release|x64.Build.0 = Release|Any CPU
		{E6B8F047-F190-4CDB-A5DC-F08714B8915D}.Release|x86.ActiveCfg = Release|Any CPU
		{E6B8F047-F190-4CDB-A5DC-F08714B8915D}.Release|x86.Build.0 = Release|Any CPU
		{E78FFEE3-E636-48CF-B4B0-FD8A1BB96FB4}.Debug|Any CPU.ActiveCfg = Debug|Any CPU
		{E78FFEE3-E636-48CF-B4B0-FD8A1BB96FB4}.Debug|Any CPU.Build.0 = Debug|Any CPU
		{E78FFEE3-E636-48CF-B4B0-FD8A1BB96FB4}.Debug|x64.ActiveCfg = Debug|Any CPU
		{E78FFEE3-E636-48CF-B4B0-FD8A1BB96FB4}.Debug|x64.Build.0 = Debug|Any CPU
		{E78FFEE3-E636-48CF-B4B0-FD8A1BB96FB4}.Debug|x86.ActiveCfg = Debug|Any CPU
		{E78FFEE3-E636-48CF-B4B0-FD8A1BB96FB4}.Debug|x86.Build.0 = Debug|Any CPU
		{E78FFEE3-E636-48CF-B4B0-FD8A1BB96FB4}.Release|Any CPU.ActiveCfg = Release|Any CPU
		{E78FFEE3-E636-48CF-B4B0-FD8A1BB96FB4}.Release|Any CPU.Build.0 = Release|Any CPU
		{E78FFEE3-E636-48CF-B4B0-FD8A1BB96FB4}.Release|x64.ActiveCfg = Release|Any CPU
		{E78FFEE3-E636-48CF-B4B0-FD8A1BB96FB4}.Release|x64.Build.0 = Release|Any CPU
		{E78FFEE3-E636-48CF-B4B0-FD8A1BB96FB4}.Release|x86.ActiveCfg = Release|Any CPU
		{E78FFEE3-E636-48CF-B4B0-FD8A1BB96FB4}.Release|x86.Build.0 = Release|Any CPU
		{64AE921A-4916-4628-BF57-EA9C035E9834}.Debug|Any CPU.ActiveCfg = Debug|Any CPU
		{64AE921A-4916-4628-BF57-EA9C035E9834}.Debug|Any CPU.Build.0 = Debug|Any CPU
		{64AE921A-4916-4628-BF57-EA9C035E9834}.Debug|x64.ActiveCfg = Debug|Any CPU
		{64AE921A-4916-4628-BF57-EA9C035E9834}.Debug|x64.Build.0 = Debug|Any CPU
		{64AE921A-4916-4628-BF57-EA9C035E9834}.Debug|x86.ActiveCfg = Debug|Any CPU
		{64AE921A-4916-4628-BF57-EA9C035E9834}.Debug|x86.Build.0 = Debug|Any CPU
		{64AE921A-4916-4628-BF57-EA9C035E9834}.Release|Any CPU.ActiveCfg = Release|Any CPU
		{64AE921A-4916-4628-BF57-EA9C035E9834}.Release|Any CPU.Build.0 = Release|Any CPU
		{64AE921A-4916-4628-BF57-EA9C035E9834}.Release|x64.ActiveCfg = Release|Any CPU
		{64AE921A-4916-4628-BF57-EA9C035E9834}.Release|x64.Build.0 = Release|Any CPU
		{64AE921A-4916-4628-BF57-EA9C035E9834}.Release|x86.ActiveCfg = Release|Any CPU
		{64AE921A-4916-4628-BF57-EA9C035E9834}.Release|x86.Build.0 = Release|Any CPU
		{780D19B5-FCEF-4AC0-8B3C-B559A1025754}.Debug|Any CPU.ActiveCfg = Debug|Any CPU
		{780D19B5-FCEF-4AC0-8B3C-B559A1025754}.Debug|Any CPU.Build.0 = Debug|Any CPU
		{780D19B5-FCEF-4AC0-8B3C-B559A1025754}.Debug|x64.ActiveCfg = Debug|Any CPU
		{780D19B5-FCEF-4AC0-8B3C-B559A1025754}.Debug|x64.Build.0 = Debug|Any CPU
		{780D19B5-FCEF-4AC0-8B3C-B559A1025754}.Debug|x86.ActiveCfg = Debug|Any CPU
		{780D19B5-FCEF-4AC0-8B3C-B559A1025754}.Debug|x86.Build.0 = Debug|Any CPU
		{780D19B5-FCEF-4AC0-8B3C-B559A1025754}.Release|Any CPU.ActiveCfg = Release|Any CPU
		{780D19B5-FCEF-4AC0-8B3C-B559A1025754}.Release|Any CPU.Build.0 = Release|Any CPU
		{780D19B5-FCEF-4AC0-8B3C-B559A1025754}.Release|x64.ActiveCfg = Release|Any CPU
		{780D19B5-FCEF-4AC0-8B3C-B559A1025754}.Release|x64.Build.0 = Release|Any CPU
		{780D19B5-FCEF-4AC0-8B3C-B559A1025754}.Release|x86.ActiveCfg = Release|Any CPU
		{780D19B5-FCEF-4AC0-8B3C-B559A1025754}.Release|x86.Build.0 = Release|Any CPU
		{5A67B6D8-C90A-4DCA-ABCD-1B1CB41E33FD}.Debug|Any CPU.ActiveCfg = Debug|Any CPU
		{5A67B6D8-C90A-4DCA-ABCD-1B1CB41E33FD}.Debug|Any CPU.Build.0 = Debug|Any CPU
		{5A67B6D8-C90A-4DCA-ABCD-1B1CB41E33FD}.Debug|x64.ActiveCfg = Debug|Any CPU
		{5A67B6D8-C90A-4DCA-ABCD-1B1CB41E33FD}.Debug|x64.Build.0 = Debug|Any CPU
		{5A67B6D8-C90A-4DCA-ABCD-1B1CB41E33FD}.Debug|x86.ActiveCfg = Debug|Any CPU
		{5A67B6D8-C90A-4DCA-ABCD-1B1CB41E33FD}.Debug|x86.Build.0 = Debug|Any CPU
		{5A67B6D8-C90A-4DCA-ABCD-1B1CB41E33FD}.Release|Any CPU.ActiveCfg = Release|Any CPU
		{5A67B6D8-C90A-4DCA-ABCD-1B1CB41E33FD}.Release|Any CPU.Build.0 = Release|Any CPU
		{5A67B6D8-C90A-4DCA-ABCD-1B1CB41E33FD}.Release|x64.ActiveCfg = Release|Any CPU
		{5A67B6D8-C90A-4DCA-ABCD-1B1CB41E33FD}.Release|x64.Build.0 = Release|Any CPU
		{5A67B6D8-C90A-4DCA-ABCD-1B1CB41E33FD}.Release|x86.ActiveCfg = Release|Any CPU
		{5A67B6D8-C90A-4DCA-ABCD-1B1CB41E33FD}.Release|x86.Build.0 = Release|Any CPU
		{CE9BDE7F-0F5F-4B36-A3F1-758B47F7C77D}.Debug|Any CPU.ActiveCfg = Debug|Any CPU
		{CE9BDE7F-0F5F-4B36-A3F1-758B47F7C77D}.Debug|Any CPU.Build.0 = Debug|Any CPU
		{CE9BDE7F-0F5F-4B36-A3F1-758B47F7C77D}.Debug|x64.ActiveCfg = Debug|Any CPU
		{CE9BDE7F-0F5F-4B36-A3F1-758B47F7C77D}.Debug|x64.Build.0 = Debug|Any CPU
		{CE9BDE7F-0F5F-4B36-A3F1-758B47F7C77D}.Debug|x86.ActiveCfg = Debug|Any CPU
		{CE9BDE7F-0F5F-4B36-A3F1-758B47F7C77D}.Debug|x86.Build.0 = Debug|Any CPU
		{CE9BDE7F-0F5F-4B36-A3F1-758B47F7C77D}.Release|Any CPU.ActiveCfg = Release|Any CPU
		{CE9BDE7F-0F5F-4B36-A3F1-758B47F7C77D}.Release|Any CPU.Build.0 = Release|Any CPU
		{CE9BDE7F-0F5F-4B36-A3F1-758B47F7C77D}.Release|x64.ActiveCfg = Release|Any CPU
		{CE9BDE7F-0F5F-4B36-A3F1-758B47F7C77D}.Release|x64.Build.0 = Release|Any CPU
		{CE9BDE7F-0F5F-4B36-A3F1-758B47F7C77D}.Release|x86.ActiveCfg = Release|Any CPU
		{CE9BDE7F-0F5F-4B36-A3F1-758B47F7C77D}.Release|x86.Build.0 = Release|Any CPU
		{EE0E9C34-D34B-421B-8A3C-E09A04E0872C}.Debug|Any CPU.ActiveCfg = Debug|Any CPU
		{EE0E9C34-D34B-421B-8A3C-E09A04E0872C}.Debug|Any CPU.Build.0 = Debug|Any CPU
		{EE0E9C34-D34B-421B-8A3C-E09A04E0872C}.Debug|x64.ActiveCfg = Debug|Any CPU
		{EE0E9C34-D34B-421B-8A3C-E09A04E0872C}.Debug|x64.Build.0 = Debug|Any CPU
		{EE0E9C34-D34B-421B-8A3C-E09A04E0872C}.Debug|x86.ActiveCfg = Debug|Any CPU
		{EE0E9C34-D34B-421B-8A3C-E09A04E0872C}.Debug|x86.Build.0 = Debug|Any CPU
		{EE0E9C34-D34B-421B-8A3C-E09A04E0872C}.Release|Any CPU.ActiveCfg = Release|Any CPU
		{EE0E9C34-D34B-421B-8A3C-E09A04E0872C}.Release|Any CPU.Build.0 = Release|Any CPU
		{EE0E9C34-D34B-421B-8A3C-E09A04E0872C}.Release|x64.ActiveCfg = Release|Any CPU
		{EE0E9C34-D34B-421B-8A3C-E09A04E0872C}.Release|x64.Build.0 = Release|Any CPU
		{EE0E9C34-D34B-421B-8A3C-E09A04E0872C}.Release|x86.ActiveCfg = Release|Any CPU
		{EE0E9C34-D34B-421B-8A3C-E09A04E0872C}.Release|x86.Build.0 = Release|Any CPU
		{F82AABE9-75FB-4570-9D83-8359270BDE67}.Debug|Any CPU.ActiveCfg = Debug|Any CPU
		{F82AABE9-75FB-4570-9D83-8359270BDE67}.Debug|Any CPU.Build.0 = Debug|Any CPU
		{F82AABE9-75FB-4570-9D83-8359270BDE67}.Debug|x64.ActiveCfg = Debug|Any CPU
		{F82AABE9-75FB-4570-9D83-8359270BDE67}.Debug|x64.Build.0 = Debug|Any CPU
		{F82AABE9-75FB-4570-9D83-8359270BDE67}.Debug|x86.ActiveCfg = Debug|Any CPU
		{F82AABE9-75FB-4570-9D83-8359270BDE67}.Debug|x86.Build.0 = Debug|Any CPU
		{F82AABE9-75FB-4570-9D83-8359270BDE67}.Release|Any CPU.ActiveCfg = Release|Any CPU
		{F82AABE9-75FB-4570-9D83-8359270BDE67}.Release|Any CPU.Build.0 = Release|Any CPU
		{F82AABE9-75FB-4570-9D83-8359270BDE67}.Release|x64.ActiveCfg = Release|Any CPU
		{F82AABE9-75FB-4570-9D83-8359270BDE67}.Release|x64.Build.0 = Release|Any CPU
		{F82AABE9-75FB-4570-9D83-8359270BDE67}.Release|x86.ActiveCfg = Release|Any CPU
		{F82AABE9-75FB-4570-9D83-8359270BDE67}.Release|x86.Build.0 = Release|Any CPU
	EndGlobalSection
	GlobalSection(SolutionProperties) = preSolution
		HideSolutionNode = FALSE
	EndGlobalSection
	GlobalSection(NestedProjects) = preSolution
		{B01006D7-9481-4A66-8982-F1DFAC05003E} = {83533C48-2881-497F-909B-7FB46CA6318A}
		{096BFCAF-D344-4C35-BAF0-51B178A8FB3B} = {83533C48-2881-497F-909B-7FB46CA6318A}
		{591EBAC1-C7F9-4E31-9B28-988860BCE4FD} = {83533C48-2881-497F-909B-7FB46CA6318A}
		{653F583F-2171-4C7D-B03B-2AB27DBB64DE} = {83533C48-2881-497F-909B-7FB46CA6318A}
		{43639A57-3AF6-4330-9514-4B564B92E18D} = {83533C48-2881-497F-909B-7FB46CA6318A}
		{6D640A0D-BCE0-4500-8760-47BB870D365F} = {83533C48-2881-497F-909B-7FB46CA6318A}
		{DC94B699-689F-46B9-A917-1573570615AD} = {5D9B21D8-7634-43BB-8D81-4201A607EEE3}
		{B501255A-D4CA-463A-9A36-A2C249F167C6} = {5D9B21D8-7634-43BB-8D81-4201A607EEE3}
		{2923758E-1D75-4D93-954C-A74B37768E1D} = {83533C48-2881-497F-909B-7FB46CA6318A}
		{E9CD7555-8C43-4A8C-BB0F-0FB065862BE4} = {5D9B21D8-7634-43BB-8D81-4201A607EEE3}
		{E5FDC558-A8B6-49C7-AD30-7734AD94A5A4} = {5D9B21D8-7634-43BB-8D81-4201A607EEE3}
		{EA64EC58-6257-4719-BFBB-233B1E32F1E7} = {5D9B21D8-7634-43BB-8D81-4201A607EEE3}
		{98699612-A155-4E27-AF7A-7ADB85BB439A} = {5D9B21D8-7634-43BB-8D81-4201A607EEE3}
		{AC0CB249-67FB-44E7-B73B-130BF939859F} = {5D9B21D8-7634-43BB-8D81-4201A607EEE3}
		{343A8740-E844-4AA1-B154-4D1D2124DFDF} = {1821CFED-7498-46B4-9430-C48EF540B9B3}
		{AEAA04A3-F004-469A-85EB-419F3B232D4E} = {1821CFED-7498-46B4-9430-C48EF540B9B3}
		{AC4B1306-6E38-4C36-B313-90B1B0E3B83E} = {1821CFED-7498-46B4-9430-C48EF540B9B3}
		{891DBA52-94FE-41E9-9A0D-50368A6D1954} = {1821CFED-7498-46B4-9430-C48EF540B9B3}
		{F2E011D5-A06B-4FF5-A70A-D57A7272B6BF} = {1821CFED-7498-46B4-9430-C48EF540B9B3}
		{9288BEDB-6EA0-452E-88DC-5780ECCAA673} = {1821CFED-7498-46B4-9430-C48EF540B9B3}
		{BF5EC8B1-27DC-4E51-A743-A46135F6DE74} = {1821CFED-7498-46B4-9430-C48EF540B9B3}
		{B3602D0E-67F3-4C3C-8B9C-2B71D21975D1} = {1821CFED-7498-46B4-9430-C48EF540B9B3}
		{5C4DBD07-491B-43C8-9DE8-5D9612ED6E79} = {1821CFED-7498-46B4-9430-C48EF540B9B3}
		{03AD1FB7-23E7-42F7-8812-CE0C1B53375D} = {1821CFED-7498-46B4-9430-C48EF540B9B3}
		{E6B8F047-F190-4CDB-A5DC-F08714B8915D} = {1821CFED-7498-46B4-9430-C48EF540B9B3}
		{E78FFEE3-E636-48CF-B4B0-FD8A1BB96FB4} = {1821CFED-7498-46B4-9430-C48EF540B9B3}
		{64AE921A-4916-4628-BF57-EA9C035E9834} = {1821CFED-7498-46B4-9430-C48EF540B9B3}
		{5A67B6D8-C90A-4DCA-ABCD-1B1CB41E33FD} = {627B9E2D-7F64-4FA2-AA39-5051F11202E7}
		{CE9BDE7F-0F5F-4B36-A3F1-758B47F7C77D} = {627B9E2D-7F64-4FA2-AA39-5051F11202E7}
		{EE0E9C34-D34B-421B-8A3C-E09A04E0872C} = {627B9E2D-7F64-4FA2-AA39-5051F11202E7}
		{F82AABE9-75FB-4570-9D83-8359270BDE67} = {627B9E2D-7F64-4FA2-AA39-5051F11202E7}
	EndGlobalSection
	GlobalSection(ExtensibilityGlobals) = postSolution
		SolutionGuid = {CEA4A798-8D2A-4A99-985F-E9F5BECA53D0}
	EndGlobalSection
EndGlobal
